// !$*UTF8*$!
{
	archiveVersion = 1;
	classes = {
	};
	objectVersion = 46;
	objects = {

/* Begin PBXBuildFile section */
		A604D11619B999AA0090FC94 /* ulibmtp3.framework in Frameworks */ = {isa = PBXBuildFile; fileRef = A604D0F919B999AA0090FC94 /* ulibmtp3.framework */; };
		A604D11C19B999AA0090FC94 /* InfoPlist.strings in Resources */ = {isa = PBXBuildFile; fileRef = A604D11A19B999AA0090FC94 /* InfoPlist.strings */; };
		A604D11E19B999AA0090FC94 /* ulibmtp3Tests.m in Sources */ = {isa = PBXBuildFile; fileRef = A604D11D19B999AA0090FC94 /* ulibmtp3Tests.m */; };
		A60A36E01A305C240090FC94 /* UMLayerMTP3.m in Sources */ = {isa = PBXBuildFile; fileRef = A60A36DD1A305C240090FC94 /* UMLayerMTP3.m */; };
		A60A36E51A305DCF0090FC94 /* UMMTP3LinkSet.m in Sources */ = {isa = PBXBuildFile; fileRef = A60A36E21A305DCF0090FC94 /* UMMTP3LinkSet.m */; };
		A60A36EA1A305DDC0090FC94 /* UMMTP3Link.m in Sources */ = {isa = PBXBuildFile; fileRef = A60A36E71A305DDC0090FC94 /* UMMTP3Link.m */; };
		A60A36F91A3063E60090FC94 /* UMMTP3PointCode.m in Sources */ = {isa = PBXBuildFile; fileRef = A60A36F61A3063E60090FC94 /* UMMTP3PointCode.m */; };
		A60A36FE1A306B710090FC94 /* UMMTP3RouteMetrics.m in Sources */ = {isa = PBXBuildFile; fileRef = A60A36FB1A306B710090FC94 /* UMMTP3RouteMetrics.m */; };
		A65270F825C33580007CF832 /* UMM3UAApplicationServerMode.h in Headers */ = {isa = PBXBuildFile; fileRef = A65270F625C33580007CF832 /* UMM3UAApplicationServerMode.h */; settings = {ATTRIBUTES = (Public, ); }; };
		A691E59F237001A800589718 /* UMMTP3PointCodeTranslationTable.h in Headers */ = {isa = PBXBuildFile; fileRef = A691E59D237001A800589718 /* UMMTP3PointCodeTranslationTable.h */; settings = {ATTRIBUTES = (Public, ); }; };
		A691E5A0237001A800589718 /* UMMTP3PointCodeTranslationTable.m in Sources */ = {isa = PBXBuildFile; fileRef = A691E59E237001A800589718 /* UMMTP3PointCodeTranslationTable.m */; };
		A6AA23C924854164008D5A57 /* UMMTP3StatisticDbRecord.h in Headers */ = {isa = PBXBuildFile; fileRef = A6AA23C724854164008D5A57 /* UMMTP3StatisticDbRecord.h */; settings = {ATTRIBUTES = (Public, ); }; };
		A6AA23CA24854164008D5A57 /* UMMTP3StatisticDbRecord.m in Sources */ = {isa = PBXBuildFile; fileRef = A6AA23C824854164008D5A57 /* UMMTP3StatisticDbRecord.m */; };
		A6AA23CE2485420A008D5A57 /* ulibdb.framework in Frameworks */ = {isa = PBXBuildFile; fileRef = A6AA23CD24854209008D5A57 /* ulibdb.framework */; };
		A6AA23D724855071008D5A57 /* UMMTP3StatisticDb.h in Headers */ = {isa = PBXBuildFile; fileRef = A6AA23D524855071008D5A57 /* UMMTP3StatisticDb.h */; settings = {ATTRIBUTES = (Public, ); }; };
		A6AA23D824855071008D5A57 /* UMMTP3StatisticDb.m in Sources */ = {isa = PBXBuildFile; fileRef = A6AA23D624855071008D5A57 /* UMMTP3StatisticDb.m */; };
		A6AD89F321CD73F300F40945 /* UMMTP3TranslationTableMap.h in Headers */ = {isa = PBXBuildFile; fileRef = A6AD89F121CD73F300F40945 /* UMMTP3TranslationTableMap.h */; settings = {ATTRIBUTES = (Public, ); }; };
		A6AD89F421CD73F300F40945 /* UMMTP3TranslationTableMap.m in Sources */ = {isa = PBXBuildFile; fileRef = A6AD89F221CD73F300F40945 /* UMMTP3TranslationTableMap.m */; };
		A6B3761223FA6525007F6F20 /* UMMTP3InstanceRoute.h in Headers */ = {isa = PBXBuildFile; fileRef = A6B3761023FA6525007F6F20 /* UMMTP3InstanceRoute.h */; settings = {ATTRIBUTES = (Public, ); }; };
		A6B3761323FA6525007F6F20 /* UMMTP3InstanceRoute.m in Sources */ = {isa = PBXBuildFile; fileRef = A6B3761123FA6525007F6F20 /* UMMTP3InstanceRoute.m */; };
		A6B3761623FA6539007F6F20 /* UMMTP3InstanceRoutingTable.h in Headers */ = {isa = PBXBuildFile; fileRef = A6B3761423FA6539007F6F20 /* UMMTP3InstanceRoutingTable.h */; settings = {ATTRIBUTES = (Public, ); }; };
		A6B3761723FA6539007F6F20 /* UMMTP3InstanceRoutingTable.m in Sources */ = {isa = PBXBuildFile; fileRef = A6B3761523FA6539007F6F20 /* UMMTP3InstanceRoutingTable.m */; };
		A6B3762623FA7BD8007F6F20 /* UMMTP3RouteStatus.h in Headers */ = {isa = PBXBuildFile; fileRef = A6B3762423FA7BD8007F6F20 /* UMMTP3RouteStatus.h */; settings = {ATTRIBUTES = (Public, ); }; };
		A6B3762A23FA7BE1007F6F20 /* UMMTP3RouteCongestionLevel.h in Headers */ = {isa = PBXBuildFile; fileRef = A6B3762823FA7BE1007F6F20 /* UMMTP3RouteCongestionLevel.h */; settings = {ATTRIBUTES = (Public, ); }; };
		A6B3762E23FA7BEA007F6F20 /* UMMTP3RouteTestStatus.h in Headers */ = {isa = PBXBuildFile; fileRef = A6B3762C23FA7BEA007F6F20 /* UMMTP3RouteTestStatus.h */; settings = {ATTRIBUTES = (Public, ); }; };
		A6C78D831A29436E006C66A2 /* ulibm2pa.framework in Frameworks */ = {isa = PBXBuildFile; fileRef = A6C78D821A29436E006C66A2 /* ulibm2pa.framework */; };
		A6C78D841A29436E006C66A2 /* ulibm2pa.framework in Frameworks */ = {isa = PBXBuildFile; fileRef = A6C78D821A29436E006C66A2 /* ulibm2pa.framework */; };
		A6C78D881A29437B006C66A2 /* ulibsctp.framework in Frameworks */ = {isa = PBXBuildFile; fileRef = A6C78D851A29437B006C66A2 /* ulibsctp.framework */; };
		A6C78D8C1A294393006C66A2 /* ulib.framework in Frameworks */ = {isa = PBXBuildFile; fileRef = A6C78D8B1A294392006C66A2 /* ulib.framework */; };
		A6C78D8D1A294393006C66A2 /* ulib.framework in Frameworks */ = {isa = PBXBuildFile; fileRef = A6C78D8B1A294392006C66A2 /* ulib.framework */; };
		A6E3090823AAF32400783116 /* mtp3routeTests.m in Sources */ = {isa = PBXBuildFile; fileRef = A6E3090723AAF32400783116 /* mtp3routeTests.m */; };
		A6E3D78E22BABDAE00D5B1B6 /* ulibsctp.framework in Frameworks */ = {isa = PBXBuildFile; fileRef = A6C78D851A29437B006C66A2 /* ulibsctp.framework */; };
		A6E99F6D268194CF002AD342 /* UMMTP3LinkSetPrometheusData.h in Headers */ = {isa = PBXBuildFile; fileRef = A6E99F6B268194CF002AD342 /* UMMTP3LinkSetPrometheusData.h */; settings = {ATTRIBUTES = (Public, ); }; };
		A6E99F6E268194CF002AD342 /* UMMTP3LinkSetPrometheusData.m in Sources */ = {isa = PBXBuildFile; fileRef = A6E99F6C268194CF002AD342 /* UMMTP3LinkSetPrometheusData.m */; };
		A6F178C521AF03B00084D972 /* ulibmtp3_version.h in Headers */ = {isa = PBXBuildFile; fileRef = A68B88B61E36A89D00CE0B05 /* ulibmtp3_version.h */; settings = {ATTRIBUTES = (Public, ); }; };
		A6F178C621AF03B00084D972 /* ulibmtp3.h in Headers */ = {isa = PBXBuildFile; fileRef = A604D10919B999AA0090FC94 /* ulibmtp3.h */; settings = {ATTRIBUTES = (Public, ); }; };
		A6F178C721AF03B00084D972 /* UMLayerMTP3.h in Headers */ = {isa = PBXBuildFile; fileRef = A60A36DC1A305C240090FC94 /* UMLayerMTP3.h */; settings = {ATTRIBUTES = (Public, ); }; };
		A6F178C821AF03B00084D972 /* UMLayerMTP3ApplicationContextProtocol.h in Headers */ = {isa = PBXBuildFile; fileRef = A6827E141E380E6100F3048B /* UMLayerMTP3ApplicationContextProtocol.h */; settings = {ATTRIBUTES = (Public, ); }; };
		A6F178C921AF03B00084D972 /* UMLayerMTP3ProviderProtocol.h in Headers */ = {isa = PBXBuildFile; fileRef = A6813F0B1DE8177C001FC87D /* UMLayerMTP3ProviderProtocol.h */; settings = {ATTRIBUTES = (Public, ); }; };
		A6F178CA21AF03B00084D972 /* UMLayerMTP3UserProtocol.h in Headers */ = {isa = PBXBuildFile; fileRef = A60A36D81A305B8A0090FC94 /* UMLayerMTP3UserProtocol.h */; settings = {ATTRIBUTES = (Public, ); }; };
		A6F178CB21AF03B00084D972 /* UMM3UAApplicationServer.h in Headers */ = {isa = PBXBuildFile; fileRef = A6813F121DE82266001FC87D /* UMM3UAApplicationServer.h */; settings = {ATTRIBUTES = (Public, ); }; };
		A6F178CC21AF03B00084D972 /* UMM3UAApplicationServerProcess.h in Headers */ = {isa = PBXBuildFile; fileRef = A6827E041E37DD0F00F3048B /* UMM3UAApplicationServerProcess.h */; settings = {ATTRIBUTES = (Public, ); }; };
		A6F178CD21AF03B00084D972 /* UMM3UAStatus.h in Headers */ = {isa = PBXBuildFile; fileRef = A6827E081E37EC2200F3048B /* UMM3UAStatus.h */; settings = {ATTRIBUTES = (Public, ); }; };
		A6F178CE21AF03B00084D972 /* UMM3UATrafficMode.h in Headers */ = {isa = PBXBuildFile; fileRef = A6813F161DE8232D001FC87D /* UMM3UATrafficMode.h */; settings = {ATTRIBUTES = (Public, ); }; };
		A6F178CF21AF03B00084D972 /* UMMTP3BlackList.h in Headers */ = {isa = PBXBuildFile; fileRef = A628513F1A46E4010090FC94 /* UMMTP3BlackList.h */; settings = {ATTRIBUTES = (Public, ); }; };
		A6F178D021AF03B00084D972 /* UMMTP3Filter_Result.h in Headers */ = {isa = PBXBuildFile; fileRef = A603428F1EA9B1DD00706C21 /* UMMTP3Filter_Result.h */; settings = {ATTRIBUTES = (Public, ); }; };
		A6F178D121AF03B00084D972 /* UMMTP3HeadingCode.h in Headers */ = {isa = PBXBuildFile; fileRef = A6B717EA1A31B91C0090FC94 /* UMMTP3HeadingCode.h */; settings = {ATTRIBUTES = (Public, ); }; };
		A6F178D321AF03B00084D972 /* UMMTP3Label.h in Headers */ = {isa = PBXBuildFile; fileRef = A6B717E61A31B3B00090FC94 /* UMMTP3Label.h */; settings = {ATTRIBUTES = (Public, ); }; };
		A6F178D421AF03B00084D972 /* UMMTP3Link.h in Headers */ = {isa = PBXBuildFile; fileRef = A60A36E61A305DDC0090FC94 /* UMMTP3Link.h */; settings = {ATTRIBUTES = (Public, ); }; };
		A6F178D621AF03B00084D972 /* UMMTP3LinkSet.h in Headers */ = {isa = PBXBuildFile; fileRef = A60A36E11A305DCF0090FC94 /* UMMTP3LinkSet.h */; settings = {ATTRIBUTES = (Public, ); }; };
		A6F178D921AF03B00084D972 /* UMMTP3PduFilter.h in Headers */ = {isa = PBXBuildFile; fileRef = A603428B1EA8327F00706C21 /* UMMTP3PduFilter.h */; settings = {ATTRIBUTES = (Public, ); }; };
		A6F178DA21AF03B00084D972 /* UMMTP3PointCode.h in Headers */ = {isa = PBXBuildFile; fileRef = A60A36F51A3063E60090FC94 /* UMMTP3PointCode.h */; settings = {ATTRIBUTES = (Public, ); }; };
		A6F178DB21AF03B00084D972 /* UMMTP3PointcodeFilter.h in Headers */ = {isa = PBXBuildFile; fileRef = A60342931EA9B22600706C21 /* UMMTP3PointcodeFilter.h */; settings = {ATTRIBUTES = (Public, ); }; };
		A6F178DD21AF03B00084D972 /* UMMTP3RouteMetrics.h in Headers */ = {isa = PBXBuildFile; fileRef = A60A36FA1A306B710090FC94 /* UMMTP3RouteMetrics.h */; settings = {ATTRIBUTES = (Public, ); }; };
		A6F178DE21AF03B00084D972 /* UMMTP3RoutePriority.h in Headers */ = {isa = PBXBuildFile; fileRef = A6BE2D2D1E3A5E98005B2B91 /* UMMTP3RoutePriority.h */; settings = {ATTRIBUTES = (Public, ); }; };
		A6F178E021AF03B00084D972 /* UMMTP3SyslogClient.h in Headers */ = {isa = PBXBuildFile; fileRef = A6D75F051FCF258A005C198E /* UMMTP3SyslogClient.h */; settings = {ATTRIBUTES = (Public, ); }; };
		A6F178E121AF03B00084D972 /* UMMTP3Task_adminAttachOrder.h in Headers */ = {isa = PBXBuildFile; fileRef = A6EB479A1A35BB8E0090FC94 /* UMMTP3Task_adminAttachOrder.h */; settings = {ATTRIBUTES = (Public, ); }; };
		A6F178E221AF03B00084D972 /* UMMTP3Task_adminCreateLink.h in Headers */ = {isa = PBXBuildFile; fileRef = A6BA5CE21A3669D400854472 /* UMMTP3Task_adminCreateLink.h */; settings = {ATTRIBUTES = (Public, ); }; };
		A6F178E321AF03B00084D972 /* UMMTP3Task_adminCreateLinkSet.h in Headers */ = {isa = PBXBuildFile; fileRef = A6BA5CDE1A3669C200854472 /* UMMTP3Task_adminCreateLinkSet.h */; settings = {ATTRIBUTES = (Public, ); }; };
		A6F178E421AF03B00084D972 /* UMMTP3Task_m2paCongestion.h in Headers */ = {isa = PBXBuildFile; fileRef = A6B717BC1A3187850090FC94 /* UMMTP3Task_m2paCongestion.h */; settings = {ATTRIBUTES = (Public, ); }; };
		A6F178E521AF03B00084D972 /* UMMTP3Task_m2paCongestionCleared.h in Headers */ = {isa = PBXBuildFile; fileRef = A6B717C01A3187940090FC94 /* UMMTP3Task_m2paCongestionCleared.h */; settings = {ATTRIBUTES = (Public, ); }; };
		A6F178E621AF03B00084D972 /* UMMTP3Task_m2paDataIndication.h in Headers */ = {isa = PBXBuildFile; fileRef = A6B717B81A3187720090FC94 /* UMMTP3Task_m2paDataIndication.h */; settings = {ATTRIBUTES = (Public, ); }; };
		A6F178E721AF03B00084D972 /* UMMTP3Task_m2paProcessorOutage.h in Headers */ = {isa = PBXBuildFile; fileRef = A6B717C41A3187A30090FC94 /* UMMTP3Task_m2paProcessorOutage.h */; settings = {ATTRIBUTES = (Public, ); }; };
		A6F178E821AF03B00084D972 /* UMMTP3Task_m2paProcessorRestored.h in Headers */ = {isa = PBXBuildFile; fileRef = A6B717C81A3187B30090FC94 /* UMMTP3Task_m2paProcessorRestored.h */; settings = {ATTRIBUTES = (Public, ); }; };
		A6F178E921AF03B00084D972 /* UMMTP3Task_m2paSctpStatusIndication.h in Headers */ = {isa = PBXBuildFile; fileRef = A6B717B41A31875C0090FC94 /* UMMTP3Task_m2paSctpStatusIndication.h */; settings = {ATTRIBUTES = (Public, ); }; };
		A6F178EA21AF03B00084D972 /* UMMTP3Task_m2paSpeedLimitReached.h in Headers */ = {isa = PBXBuildFile; fileRef = A6B717CC1A3187C50090FC94 /* UMMTP3Task_m2paSpeedLimitReached.h */; settings = {ATTRIBUTES = (Public, ); }; };
		A6F178EB21AF03B00084D972 /* UMMTP3Task_m2paSpeedLimitReachedCleared.h in Headers */ = {isa = PBXBuildFile; fileRef = A6B717D01A3187D90090FC94 /* UMMTP3Task_m2paSpeedLimitReachedCleared.h */; settings = {ATTRIBUTES = (Public, ); }; };
		A6F178EC21AF03B00084D972 /* UMMTP3Task_m2paStatusIndication.h in Headers */ = {isa = PBXBuildFile; fileRef = A6B717B01A3187450090FC94 /* UMMTP3Task_m2paStatusIndication.h */; settings = {ATTRIBUTES = (Public, ); }; };
		A6F178ED21AF03B00084D972 /* UMMTP3Task_start.h in Headers */ = {isa = PBXBuildFile; fileRef = A6F442B41CB26E8000C2B472 /* UMMTP3Task_start.h */; settings = {ATTRIBUTES = (Public, ); }; };
		A6F178EE21AF03B00084D972 /* UMMTP3Task_stop.h in Headers */ = {isa = PBXBuildFile; fileRef = A6F442B81CB2706A00C2B472 /* UMMTP3Task_stop.h */; settings = {ATTRIBUTES = (Public, ); }; };
		A6F178EF21AF03B00084D972 /* UMMTP3TransitPermission.h in Headers */ = {isa = PBXBuildFile; fileRef = A62851371A46E32A0090FC94 /* UMMTP3TransitPermission.h */; settings = {ATTRIBUTES = (Public, ); }; };
		A6F178F021AF03B00084D972 /* UMMTP3Variant.h in Headers */ = {isa = PBXBuildFile; fileRef = A6B717E41A31B3000090FC94 /* UMMTP3Variant.h */; settings = {ATTRIBUTES = (Public, ); }; };
		A6F178F121AF03B00084D972 /* UMMTP3WhiteList.h in Headers */ = {isa = PBXBuildFile; fileRef = A628513B1A46E3F40090FC94 /* UMMTP3WhiteList.h */; settings = {ATTRIBUTES = (Public, ); }; };
		A6F178F221AF03B00084D972 /* UMSyntaxToken_Pointcode.h in Headers */ = {isa = PBXBuildFile; fileRef = A666EF681E89C4AF004804CB /* UMSyntaxToken_Pointcode.h */; settings = {ATTRIBUTES = (Public, ); }; };
		A6F178F321AF044B0084D972 /* UMLayerMTP3.m in Sources */ = {isa = PBXBuildFile; fileRef = A60A36DD1A305C240090FC94 /* UMLayerMTP3.m */; };
		A6F178F421AF044B0084D972 /* UMM3UAApplicationServer.m in Sources */ = {isa = PBXBuildFile; fileRef = A6A2B8D01E389A0100E8F0AB /* UMM3UAApplicationServer.m */; };
		A6F178F521AF044B0084D972 /* UMM3UAApplicationServerProcess.m in Sources */ = {isa = PBXBuildFile; fileRef = A6827E051E37DD0F00F3048B /* UMM3UAApplicationServerProcess.m */; };
		A6F178F621AF044B0084D972 /* UMMTP3BlackList.m in Sources */ = {isa = PBXBuildFile; fileRef = A62851401A46E4010090FC94 /* UMMTP3BlackList.m */; };
		A6F178F821AF044B0084D972 /* UMMTP3Label.m in Sources */ = {isa = PBXBuildFile; fileRef = A6B717E71A31B3B00090FC94 /* UMMTP3Label.m */; };
		A6F178F921AF044B0084D972 /* UMMTP3Link.m in Sources */ = {isa = PBXBuildFile; fileRef = A60A36E71A305DDC0090FC94 /* UMMTP3Link.m */; };
		A6F178FB21AF044B0084D972 /* UMMTP3LinkSet.m in Sources */ = {isa = PBXBuildFile; fileRef = A60A36E21A305DCF0090FC94 /* UMMTP3LinkSet.m */; };
		A6F178FE21AF044B0084D972 /* UMMTP3PduFilter.m in Sources */ = {isa = PBXBuildFile; fileRef = A603428C1EA8327F00706C21 /* UMMTP3PduFilter.m */; };
		A6F178FF21AF044B0084D972 /* UMMTP3PointCode.m in Sources */ = {isa = PBXBuildFile; fileRef = A60A36F61A3063E60090FC94 /* UMMTP3PointCode.m */; };
		A6F1790021AF044B0084D972 /* UMMTP3PointcodeFilter.m in Sources */ = {isa = PBXBuildFile; fileRef = A60342941EA9B22600706C21 /* UMMTP3PointcodeFilter.m */; };
		A6F1790221AF044B0084D972 /* UMMTP3RouteMetrics.m in Sources */ = {isa = PBXBuildFile; fileRef = A60A36FB1A306B710090FC94 /* UMMTP3RouteMetrics.m */; };
		A6F1790421AF044B0084D972 /* UMMTP3SyslogClient.m in Sources */ = {isa = PBXBuildFile; fileRef = A6D75F061FCF258A005C198E /* UMMTP3SyslogClient.m */; };
		A6F1790521AF044B0084D972 /* UMMTP3Task_adminAttachOrder.m in Sources */ = {isa = PBXBuildFile; fileRef = A6EB479B1A35BB8E0090FC94 /* UMMTP3Task_adminAttachOrder.m */; };
		A6F1790621AF044B0084D972 /* UMMTP3Task_adminCreateLink.m in Sources */ = {isa = PBXBuildFile; fileRef = A6BA5CE31A3669D400854472 /* UMMTP3Task_adminCreateLink.m */; };
		A6F1790721AF044B0084D972 /* UMMTP3Task_adminCreateLinkSet.m in Sources */ = {isa = PBXBuildFile; fileRef = A6BA5CDF1A3669C200854472 /* UMMTP3Task_adminCreateLinkSet.m */; };
		A6F1790821AF044B0084D972 /* UMMTP3Task_m2paCongestion.m in Sources */ = {isa = PBXBuildFile; fileRef = A6B717BD1A3187850090FC94 /* UMMTP3Task_m2paCongestion.m */; };
		A6F1790921AF044B0084D972 /* UMMTP3Task_m2paCongestionCleared.m in Sources */ = {isa = PBXBuildFile; fileRef = A6B717C11A3187940090FC94 /* UMMTP3Task_m2paCongestionCleared.m */; };
		A6F1790A21AF044B0084D972 /* UMMTP3Task_m2paDataIndication.m in Sources */ = {isa = PBXBuildFile; fileRef = A6B717B91A3187720090FC94 /* UMMTP3Task_m2paDataIndication.m */; };
		A6F1790B21AF044B0084D972 /* UMMTP3Task_m2paProcessorOutage.m in Sources */ = {isa = PBXBuildFile; fileRef = A6B717C51A3187A30090FC94 /* UMMTP3Task_m2paProcessorOutage.m */; };
		A6F1790C21AF044B0084D972 /* UMMTP3Task_m2paProcessorRestored.m in Sources */ = {isa = PBXBuildFile; fileRef = A6B717C91A3187B30090FC94 /* UMMTP3Task_m2paProcessorRestored.m */; };
		A6F1790D21AF044B0084D972 /* UMMTP3Task_m2paSctpStatusIndication.m in Sources */ = {isa = PBXBuildFile; fileRef = A6B717B51A31875C0090FC94 /* UMMTP3Task_m2paSctpStatusIndication.m */; };
		A6F1790E21AF044B0084D972 /* UMMTP3Task_m2paSpeedLimitReached.m in Sources */ = {isa = PBXBuildFile; fileRef = A6B717CD1A3187C50090FC94 /* UMMTP3Task_m2paSpeedLimitReached.m */; };
		A6F1790F21AF044B0084D972 /* UMMTP3Task_m2paSpeedLimitReachedCleared.m in Sources */ = {isa = PBXBuildFile; fileRef = A6B717D11A3187D90090FC94 /* UMMTP3Task_m2paSpeedLimitReachedCleared.m */; };
		A6F1791021AF044B0084D972 /* UMMTP3Task_m2paStatusIndication.m in Sources */ = {isa = PBXBuildFile; fileRef = A6B717B11A3187450090FC94 /* UMMTP3Task_m2paStatusIndication.m */; };
		A6F1791121AF044B0084D972 /* UMMTP3Task_start.m in Sources */ = {isa = PBXBuildFile; fileRef = A6F442B51CB26E8000C2B472 /* UMMTP3Task_start.m */; };
		A6F1791221AF044B0084D972 /* UMMTP3Task_stop.m in Sources */ = {isa = PBXBuildFile; fileRef = A6F442B91CB2706A00C2B472 /* UMMTP3Task_stop.m */; };
		A6F1791321AF044B0084D972 /* UMMTP3TransitPermission.m in Sources */ = {isa = PBXBuildFile; fileRef = A62851381A46E32A0090FC94 /* UMMTP3TransitPermission.m */; };
		A6F1791421AF044B0084D972 /* UMMTP3WhiteList.m in Sources */ = {isa = PBXBuildFile; fileRef = A628513C1A46E3F40090FC94 /* UMMTP3WhiteList.m */; };
		A6F1791521AF044B0084D972 /* UMSyntaxToken_Pointcode.m in Sources */ = {isa = PBXBuildFile; fileRef = A666EF691E89C4AF004804CB /* UMSyntaxToken_Pointcode.m */; };
		A6F1791621AF044B0084D972 /* UMM3UAApplicationServer.m in Sources */ = {isa = PBXBuildFile; fileRef = A6A2B8D01E389A0100E8F0AB /* UMM3UAApplicationServer.m */; };
		A6F1791721AF044B0084D972 /* UMM3UAApplicationServerProcess.m in Sources */ = {isa = PBXBuildFile; fileRef = A6827E051E37DD0F00F3048B /* UMM3UAApplicationServerProcess.m */; };
		A6F1791821AF044B0084D972 /* UMMTP3BlackList.m in Sources */ = {isa = PBXBuildFile; fileRef = A62851401A46E4010090FC94 /* UMMTP3BlackList.m */; };
		A6F1791A21AF044B0084D972 /* UMMTP3Label.m in Sources */ = {isa = PBXBuildFile; fileRef = A6B717E71A31B3B00090FC94 /* UMMTP3Label.m */; };
		A6F1791E21AF044B0084D972 /* UMMTP3PduFilter.m in Sources */ = {isa = PBXBuildFile; fileRef = A603428C1EA8327F00706C21 /* UMMTP3PduFilter.m */; };
		A6F1791F21AF044B0084D972 /* UMMTP3PointcodeFilter.m in Sources */ = {isa = PBXBuildFile; fileRef = A60342941EA9B22600706C21 /* UMMTP3PointcodeFilter.m */; };
		A6F1792021AF044B0084D972 /* UMMTP3SyslogClient.m in Sources */ = {isa = PBXBuildFile; fileRef = A6D75F061FCF258A005C198E /* UMMTP3SyslogClient.m */; };
		A6F1792121AF044B0084D972 /* UMMTP3Task_adminAttachOrder.m in Sources */ = {isa = PBXBuildFile; fileRef = A6EB479B1A35BB8E0090FC94 /* UMMTP3Task_adminAttachOrder.m */; };
		A6F1792221AF044B0084D972 /* UMMTP3Task_adminCreateLink.m in Sources */ = {isa = PBXBuildFile; fileRef = A6BA5CE31A3669D400854472 /* UMMTP3Task_adminCreateLink.m */; };
		A6F1792321AF044B0084D972 /* UMMTP3Task_adminCreateLinkSet.m in Sources */ = {isa = PBXBuildFile; fileRef = A6BA5CDF1A3669C200854472 /* UMMTP3Task_adminCreateLinkSet.m */; };
		A6F1792421AF044B0084D972 /* UMMTP3Task_m2paCongestion.m in Sources */ = {isa = PBXBuildFile; fileRef = A6B717BD1A3187850090FC94 /* UMMTP3Task_m2paCongestion.m */; };
		A6F1792521AF044B0084D972 /* UMMTP3Task_m2paCongestionCleared.m in Sources */ = {isa = PBXBuildFile; fileRef = A6B717C11A3187940090FC94 /* UMMTP3Task_m2paCongestionCleared.m */; };
		A6F1792621AF044B0084D972 /* UMMTP3Task_m2paDataIndication.m in Sources */ = {isa = PBXBuildFile; fileRef = A6B717B91A3187720090FC94 /* UMMTP3Task_m2paDataIndication.m */; };
		A6F1792721AF044B0084D972 /* UMMTP3Task_m2paProcessorOutage.m in Sources */ = {isa = PBXBuildFile; fileRef = A6B717C51A3187A30090FC94 /* UMMTP3Task_m2paProcessorOutage.m */; };
		A6F1792821AF044B0084D972 /* UMMTP3Task_m2paProcessorRestored.m in Sources */ = {isa = PBXBuildFile; fileRef = A6B717C91A3187B30090FC94 /* UMMTP3Task_m2paProcessorRestored.m */; };
		A6F1792921AF044B0084D972 /* UMMTP3Task_m2paSctpStatusIndication.m in Sources */ = {isa = PBXBuildFile; fileRef = A6B717B51A31875C0090FC94 /* UMMTP3Task_m2paSctpStatusIndication.m */; };
		A6F1792A21AF044B0084D972 /* UMMTP3Task_m2paSpeedLimitReached.m in Sources */ = {isa = PBXBuildFile; fileRef = A6B717CD1A3187C50090FC94 /* UMMTP3Task_m2paSpeedLimitReached.m */; };
		A6F1792B21AF044B0084D972 /* UMMTP3Task_m2paSpeedLimitReachedCleared.m in Sources */ = {isa = PBXBuildFile; fileRef = A6B717D11A3187D90090FC94 /* UMMTP3Task_m2paSpeedLimitReachedCleared.m */; };
		A6F1792C21AF044B0084D972 /* UMMTP3Task_m2paStatusIndication.m in Sources */ = {isa = PBXBuildFile; fileRef = A6B717B11A3187450090FC94 /* UMMTP3Task_m2paStatusIndication.m */; };
		A6F1792D21AF044B0084D972 /* UMMTP3Task_start.m in Sources */ = {isa = PBXBuildFile; fileRef = A6F442B51CB26E8000C2B472 /* UMMTP3Task_start.m */; };
		A6F1792E21AF044B0084D972 /* UMMTP3Task_stop.m in Sources */ = {isa = PBXBuildFile; fileRef = A6F442B91CB2706A00C2B472 /* UMMTP3Task_stop.m */; };
		A6F1792F21AF044B0084D972 /* UMMTP3TransitPermission.m in Sources */ = {isa = PBXBuildFile; fileRef = A62851381A46E32A0090FC94 /* UMMTP3TransitPermission.m */; };
		A6F1793021AF044B0084D972 /* UMMTP3WhiteList.m in Sources */ = {isa = PBXBuildFile; fileRef = A628513C1A46E3F40090FC94 /* UMMTP3WhiteList.m */; };
		A6F1793121AF044B0084D972 /* UMSyntaxToken_Pointcode.m in Sources */ = {isa = PBXBuildFile; fileRef = A666EF691E89C4AF004804CB /* UMSyntaxToken_Pointcode.m */; };
/* End PBXBuildFile section */

/* Begin PBXContainerItemProxy section */
		A604D11419B999AA0090FC94 /* PBXContainerItemProxy */ = {
			isa = PBXContainerItemProxy;
			containerPortal = A604D0F019B999AA0090FC94 /* Project object */;
			proxyType = 1;
			remoteGlobalIDString = A604D0F819B999AA0090FC94;
			remoteInfo = ulibmtp3;
		};
/* End PBXContainerItemProxy section */

/* Begin PBXFileReference section */
		A603428B1EA8327F00706C21 /* UMMTP3PduFilter.h */ = {isa = PBXFileReference; fileEncoding = 4; lastKnownFileType = sourcecode.c.h; path = UMMTP3PduFilter.h; sourceTree = "<group>"; };
		A603428C1EA8327F00706C21 /* UMMTP3PduFilter.m */ = {isa = PBXFileReference; fileEncoding = 4; lastKnownFileType = sourcecode.c.objc; path = UMMTP3PduFilter.m; sourceTree = "<group>"; };
		A603428F1EA9B1DD00706C21 /* UMMTP3Filter_Result.h */ = {isa = PBXFileReference; fileEncoding = 4; lastKnownFileType = sourcecode.c.h; path = UMMTP3Filter_Result.h; sourceTree = "<group>"; };
		A60342931EA9B22600706C21 /* UMMTP3PointcodeFilter.h */ = {isa = PBXFileReference; fileEncoding = 4; lastKnownFileType = sourcecode.c.h; path = UMMTP3PointcodeFilter.h; sourceTree = "<group>"; };
		A60342941EA9B22600706C21 /* UMMTP3PointcodeFilter.m */ = {isa = PBXFileReference; fileEncoding = 4; lastKnownFileType = sourcecode.c.objc; path = UMMTP3PointcodeFilter.m; sourceTree = "<group>"; };
		A604D0F919B999AA0090FC94 /* ulibmtp3.framework */ = {isa = PBXFileReference; explicitFileType = wrapper.framework; includeInIndex = 0; path = ulibmtp3.framework; sourceTree = BUILT_PRODUCTS_DIR; };
		A604D10419B999AA0090FC94 /* ulibmtp3-Info.plist */ = {isa = PBXFileReference; lastKnownFileType = text.plist.xml; path = "ulibmtp3-Info.plist"; sourceTree = "<group>"; };
		A604D10619B999AA0090FC94 /* en */ = {isa = PBXFileReference; lastKnownFileType = text.plist.strings; name = en; path = en.lproj/InfoPlist.strings; sourceTree = "<group>"; };
		A604D10819B999AA0090FC94 /* ulibmtp3-Prefix.pch */ = {isa = PBXFileReference; lastKnownFileType = sourcecode.c.h; path = "ulibmtp3-Prefix.pch"; sourceTree = "<group>"; };
		A604D10919B999AA0090FC94 /* ulibmtp3.h */ = {isa = PBXFileReference; lastKnownFileType = sourcecode.c.h; path = ulibmtp3.h; sourceTree = "<group>"; };
		A604D11019B999AA0090FC94 /* ulibmtp3Tests.xctest */ = {isa = PBXFileReference; explicitFileType = wrapper.cfbundle; includeInIndex = 0; path = ulibmtp3Tests.xctest; sourceTree = BUILT_PRODUCTS_DIR; };
		A604D11919B999AA0090FC94 /* ulibmtp3Tests-Info.plist */ = {isa = PBXFileReference; lastKnownFileType = text.plist.xml; path = "ulibmtp3Tests-Info.plist"; sourceTree = "<group>"; };
		A604D11B19B999AA0090FC94 /* en */ = {isa = PBXFileReference; lastKnownFileType = text.plist.strings; name = en; path = en.lproj/InfoPlist.strings; sourceTree = "<group>"; };
		A604D11D19B999AA0090FC94 /* ulibmtp3Tests.m */ = {isa = PBXFileReference; lastKnownFileType = sourcecode.c.objc; path = ulibmtp3Tests.m; sourceTree = "<group>"; };
		A60A36D81A305B8A0090FC94 /* UMLayerMTP3UserProtocol.h */ = {isa = PBXFileReference; fileEncoding = 4; lastKnownFileType = sourcecode.c.h; path = UMLayerMTP3UserProtocol.h; sourceTree = "<group>"; };
		A60A36DC1A305C240090FC94 /* UMLayerMTP3.h */ = {isa = PBXFileReference; fileEncoding = 4; lastKnownFileType = sourcecode.c.h; lineEnding = 0; path = UMLayerMTP3.h; sourceTree = "<group>"; };
		A60A36DD1A305C240090FC94 /* UMLayerMTP3.m */ = {isa = PBXFileReference; fileEncoding = 4; lastKnownFileType = sourcecode.c.objc; lineEnding = 0; path = UMLayerMTP3.m; sourceTree = "<group>"; };
		A60A36E11A305DCF0090FC94 /* UMMTP3LinkSet.h */ = {isa = PBXFileReference; fileEncoding = 4; lastKnownFileType = sourcecode.c.h; path = UMMTP3LinkSet.h; sourceTree = "<group>"; };
		A60A36E21A305DCF0090FC94 /* UMMTP3LinkSet.m */ = {isa = PBXFileReference; fileEncoding = 4; lastKnownFileType = sourcecode.c.objc; path = UMMTP3LinkSet.m; sourceTree = "<group>"; };
		A60A36E61A305DDC0090FC94 /* UMMTP3Link.h */ = {isa = PBXFileReference; fileEncoding = 4; lastKnownFileType = sourcecode.c.h; path = UMMTP3Link.h; sourceTree = "<group>"; };
		A60A36E71A305DDC0090FC94 /* UMMTP3Link.m */ = {isa = PBXFileReference; fileEncoding = 4; lastKnownFileType = sourcecode.c.objc; path = UMMTP3Link.m; sourceTree = "<group>"; };
		A60A36F51A3063E60090FC94 /* UMMTP3PointCode.h */ = {isa = PBXFileReference; fileEncoding = 4; lastKnownFileType = sourcecode.c.h; path = UMMTP3PointCode.h; sourceTree = "<group>"; };
		A60A36F61A3063E60090FC94 /* UMMTP3PointCode.m */ = {isa = PBXFileReference; fileEncoding = 4; lastKnownFileType = sourcecode.c.objc; path = UMMTP3PointCode.m; sourceTree = "<group>"; };
		A60A36FA1A306B710090FC94 /* UMMTP3RouteMetrics.h */ = {isa = PBXFileReference; fileEncoding = 4; lastKnownFileType = sourcecode.c.h; path = UMMTP3RouteMetrics.h; sourceTree = "<group>"; };
		A60A36FB1A306B710090FC94 /* UMMTP3RouteMetrics.m */ = {isa = PBXFileReference; fileEncoding = 4; lastKnownFileType = sourcecode.c.objc; path = UMMTP3RouteMetrics.m; sourceTree = "<group>"; };
		A615D90A1B4D5F2900854472 /* sctp.framework */ = {isa = PBXFileReference; lastKnownFileType = wrapper.framework; name = sctp.framework; path = /Library/Frameworks/sctp.framework; sourceTree = "<absolute>"; };
		A62851371A46E32A0090FC94 /* UMMTP3TransitPermission.h */ = {isa = PBXFileReference; fileEncoding = 4; lastKnownFileType = sourcecode.c.h; path = UMMTP3TransitPermission.h; sourceTree = "<group>"; };
		A62851381A46E32A0090FC94 /* UMMTP3TransitPermission.m */ = {isa = PBXFileReference; fileEncoding = 4; lastKnownFileType = sourcecode.c.objc; path = UMMTP3TransitPermission.m; sourceTree = "<group>"; };
		A628513B1A46E3F40090FC94 /* UMMTP3WhiteList.h */ = {isa = PBXFileReference; fileEncoding = 4; lastKnownFileType = sourcecode.c.h; path = UMMTP3WhiteList.h; sourceTree = "<group>"; };
		A628513C1A46E3F40090FC94 /* UMMTP3WhiteList.m */ = {isa = PBXFileReference; fileEncoding = 4; lastKnownFileType = sourcecode.c.objc; path = UMMTP3WhiteList.m; sourceTree = "<group>"; };
		A628513F1A46E4010090FC94 /* UMMTP3BlackList.h */ = {isa = PBXFileReference; fileEncoding = 4; lastKnownFileType = sourcecode.c.h; path = UMMTP3BlackList.h; sourceTree = "<group>"; };
		A62851401A46E4010090FC94 /* UMMTP3BlackList.m */ = {isa = PBXFileReference; fileEncoding = 4; lastKnownFileType = sourcecode.c.objc; path = UMMTP3BlackList.m; sourceTree = "<group>"; };
		A629F27C25B86C2E00C209E5 /* File */ = {isa = PBXFileReference; lastKnownFileType = text; path = File; sourceTree = "<group>"; };
		A65270F625C33580007CF832 /* UMM3UAApplicationServerMode.h */ = {isa = PBXFileReference; lastKnownFileType = sourcecode.c.h; path = UMM3UAApplicationServerMode.h; sourceTree = "<group>"; };
		A666EF681E89C4AF004804CB /* UMSyntaxToken_Pointcode.h */ = {isa = PBXFileReference; fileEncoding = 4; lastKnownFileType = sourcecode.c.h; path = UMSyntaxToken_Pointcode.h; sourceTree = "<group>"; };
		A666EF691E89C4AF004804CB /* UMSyntaxToken_Pointcode.m */ = {isa = PBXFileReference; fileEncoding = 4; lastKnownFileType = sourcecode.c.objc; path = UMSyntaxToken_Pointcode.m; sourceTree = "<group>"; };
		A6813F0B1DE8177C001FC87D /* UMLayerMTP3ProviderProtocol.h */ = {isa = PBXFileReference; lastKnownFileType = sourcecode.c.h; lineEnding = 0; path = UMLayerMTP3ProviderProtocol.h; sourceTree = "<group>"; xcLanguageSpecificationIdentifier = xcode.lang.objcpp; };
		A6813F121DE82266001FC87D /* UMM3UAApplicationServer.h */ = {isa = PBXFileReference; fileEncoding = 4; lastKnownFileType = sourcecode.c.h; lineEnding = 0; path = UMM3UAApplicationServer.h; sourceTree = "<group>"; };
		A6813F161DE8232D001FC87D /* UMM3UATrafficMode.h */ = {isa = PBXFileReference; lastKnownFileType = sourcecode.c.h; path = UMM3UATrafficMode.h; sourceTree = "<group>"; };
		A6827E041E37DD0F00F3048B /* UMM3UAApplicationServerProcess.h */ = {isa = PBXFileReference; fileEncoding = 4; lastKnownFileType = sourcecode.c.h; path = UMM3UAApplicationServerProcess.h; sourceTree = "<group>"; };
		A6827E051E37DD0F00F3048B /* UMM3UAApplicationServerProcess.m */ = {isa = PBXFileReference; fileEncoding = 4; lastKnownFileType = sourcecode.c.objc; path = UMM3UAApplicationServerProcess.m; sourceTree = "<group>"; };
		A6827E081E37EC2200F3048B /* UMM3UAStatus.h */ = {isa = PBXFileReference; fileEncoding = 4; lastKnownFileType = sourcecode.c.h; path = UMM3UAStatus.h; sourceTree = "<group>"; };
		A6827E141E380E6100F3048B /* UMLayerMTP3ApplicationContextProtocol.h */ = {isa = PBXFileReference; fileEncoding = 4; lastKnownFileType = sourcecode.c.h; path = UMLayerMTP3ApplicationContextProtocol.h; sourceTree = "<group>"; };
		A68B88B21E36A21F00CE0B05 /* ulibmtp3_version.h.in */ = {isa = PBXFileReference; fileEncoding = 4; lastKnownFileType = text; path = ulibmtp3_version.h.in; sourceTree = "<group>"; };
		A68B88B61E36A89D00CE0B05 /* ulibmtp3_version.h */ = {isa = PBXFileReference; fileEncoding = 4; lastKnownFileType = sourcecode.c.h; path = ulibmtp3_version.h; sourceTree = "<group>"; };
		A691E59D237001A800589718 /* UMMTP3PointCodeTranslationTable.h */ = {isa = PBXFileReference; lastKnownFileType = sourcecode.c.h; path = UMMTP3PointCodeTranslationTable.h; sourceTree = "<group>"; };
		A691E59E237001A800589718 /* UMMTP3PointCodeTranslationTable.m */ = {isa = PBXFileReference; lastKnownFileType = sourcecode.c.objc; path = UMMTP3PointCodeTranslationTable.m; sourceTree = "<group>"; };
		A6A2B8D01E389A0100E8F0AB /* UMM3UAApplicationServer.m */ = {isa = PBXFileReference; fileEncoding = 4; lastKnownFileType = sourcecode.c.objc; path = UMM3UAApplicationServer.m; sourceTree = "<group>"; };
		A6AA23C724854164008D5A57 /* UMMTP3StatisticDbRecord.h */ = {isa = PBXFileReference; lastKnownFileType = sourcecode.c.h; path = UMMTP3StatisticDbRecord.h; sourceTree = "<group>"; };
		A6AA23C824854164008D5A57 /* UMMTP3StatisticDbRecord.m */ = {isa = PBXFileReference; lastKnownFileType = sourcecode.c.objc; path = UMMTP3StatisticDbRecord.m; sourceTree = "<group>"; };
		A6AA23CD24854209008D5A57 /* ulibdb.framework */ = {isa = PBXFileReference; lastKnownFileType = wrapper.framework; name = ulibdb.framework; path = "../../../../../Library/Application Support/FinkTelecomServices/frameworks/ulibdb.framework"; sourceTree = "<group>"; };
		A6AA23D524855071008D5A57 /* UMMTP3StatisticDb.h */ = {isa = PBXFileReference; lastKnownFileType = sourcecode.c.h; path = UMMTP3StatisticDb.h; sourceTree = "<group>"; };
		A6AA23D624855071008D5A57 /* UMMTP3StatisticDb.m */ = {isa = PBXFileReference; lastKnownFileType = sourcecode.c.objc; path = UMMTP3StatisticDb.m; sourceTree = "<group>"; };
		A6AD89F121CD73F300F40945 /* UMMTP3TranslationTableMap.h */ = {isa = PBXFileReference; lastKnownFileType = sourcecode.c.h; path = UMMTP3TranslationTableMap.h; sourceTree = "<group>"; };
		A6AD89F221CD73F300F40945 /* UMMTP3TranslationTableMap.m */ = {isa = PBXFileReference; lastKnownFileType = sourcecode.c.objc; path = UMMTP3TranslationTableMap.m; sourceTree = "<group>"; };
		A6B3761023FA6525007F6F20 /* UMMTP3InstanceRoute.h */ = {isa = PBXFileReference; lastKnownFileType = sourcecode.c.h; path = UMMTP3InstanceRoute.h; sourceTree = "<group>"; };
		A6B3761123FA6525007F6F20 /* UMMTP3InstanceRoute.m */ = {isa = PBXFileReference; lastKnownFileType = sourcecode.c.objc; path = UMMTP3InstanceRoute.m; sourceTree = "<group>"; };
		A6B3761423FA6539007F6F20 /* UMMTP3InstanceRoutingTable.h */ = {isa = PBXFileReference; lastKnownFileType = sourcecode.c.h; path = UMMTP3InstanceRoutingTable.h; sourceTree = "<group>"; };
		A6B3761523FA6539007F6F20 /* UMMTP3InstanceRoutingTable.m */ = {isa = PBXFileReference; lastKnownFileType = sourcecode.c.objc; path = UMMTP3InstanceRoutingTable.m; sourceTree = "<group>"; };
		A6B3762423FA7BD8007F6F20 /* UMMTP3RouteStatus.h */ = {isa = PBXFileReference; lastKnownFileType = sourcecode.c.h; path = UMMTP3RouteStatus.h; sourceTree = "<group>"; };
		A6B3762823FA7BE1007F6F20 /* UMMTP3RouteCongestionLevel.h */ = {isa = PBXFileReference; lastKnownFileType = sourcecode.c.h; path = UMMTP3RouteCongestionLevel.h; sourceTree = "<group>"; };
		A6B3762C23FA7BEA007F6F20 /* UMMTP3RouteTestStatus.h */ = {isa = PBXFileReference; lastKnownFileType = sourcecode.c.h; path = UMMTP3RouteTestStatus.h; sourceTree = "<group>"; };
		A6B717B01A3187450090FC94 /* UMMTP3Task_m2paStatusIndication.h */ = {isa = PBXFileReference; fileEncoding = 4; lastKnownFileType = sourcecode.c.h; path = UMMTP3Task_m2paStatusIndication.h; sourceTree = "<group>"; };
		A6B717B11A3187450090FC94 /* UMMTP3Task_m2paStatusIndication.m */ = {isa = PBXFileReference; fileEncoding = 4; lastKnownFileType = sourcecode.c.objc; path = UMMTP3Task_m2paStatusIndication.m; sourceTree = "<group>"; };
		A6B717B41A31875C0090FC94 /* UMMTP3Task_m2paSctpStatusIndication.h */ = {isa = PBXFileReference; fileEncoding = 4; lastKnownFileType = sourcecode.c.h; path = UMMTP3Task_m2paSctpStatusIndication.h; sourceTree = "<group>"; };
		A6B717B51A31875C0090FC94 /* UMMTP3Task_m2paSctpStatusIndication.m */ = {isa = PBXFileReference; fileEncoding = 4; lastKnownFileType = sourcecode.c.objc; path = UMMTP3Task_m2paSctpStatusIndication.m; sourceTree = "<group>"; };
		A6B717B81A3187720090FC94 /* UMMTP3Task_m2paDataIndication.h */ = {isa = PBXFileReference; fileEncoding = 4; lastKnownFileType = sourcecode.c.h; path = UMMTP3Task_m2paDataIndication.h; sourceTree = "<group>"; };
		A6B717B91A3187720090FC94 /* UMMTP3Task_m2paDataIndication.m */ = {isa = PBXFileReference; fileEncoding = 4; lastKnownFileType = sourcecode.c.objc; path = UMMTP3Task_m2paDataIndication.m; sourceTree = "<group>"; };
		A6B717BC1A3187850090FC94 /* UMMTP3Task_m2paCongestion.h */ = {isa = PBXFileReference; fileEncoding = 4; lastKnownFileType = sourcecode.c.h; path = UMMTP3Task_m2paCongestion.h; sourceTree = "<group>"; };
		A6B717BD1A3187850090FC94 /* UMMTP3Task_m2paCongestion.m */ = {isa = PBXFileReference; fileEncoding = 4; lastKnownFileType = sourcecode.c.objc; path = UMMTP3Task_m2paCongestion.m; sourceTree = "<group>"; };
		A6B717C01A3187940090FC94 /* UMMTP3Task_m2paCongestionCleared.h */ = {isa = PBXFileReference; fileEncoding = 4; lastKnownFileType = sourcecode.c.h; path = UMMTP3Task_m2paCongestionCleared.h; sourceTree = "<group>"; };
		A6B717C11A3187940090FC94 /* UMMTP3Task_m2paCongestionCleared.m */ = {isa = PBXFileReference; fileEncoding = 4; lastKnownFileType = sourcecode.c.objc; path = UMMTP3Task_m2paCongestionCleared.m; sourceTree = "<group>"; };
		A6B717C41A3187A30090FC94 /* UMMTP3Task_m2paProcessorOutage.h */ = {isa = PBXFileReference; fileEncoding = 4; lastKnownFileType = sourcecode.c.h; path = UMMTP3Task_m2paProcessorOutage.h; sourceTree = "<group>"; };
		A6B717C51A3187A30090FC94 /* UMMTP3Task_m2paProcessorOutage.m */ = {isa = PBXFileReference; fileEncoding = 4; lastKnownFileType = sourcecode.c.objc; path = UMMTP3Task_m2paProcessorOutage.m; sourceTree = "<group>"; };
		A6B717C81A3187B30090FC94 /* UMMTP3Task_m2paProcessorRestored.h */ = {isa = PBXFileReference; fileEncoding = 4; lastKnownFileType = sourcecode.c.h; path = UMMTP3Task_m2paProcessorRestored.h; sourceTree = "<group>"; };
		A6B717C91A3187B30090FC94 /* UMMTP3Task_m2paProcessorRestored.m */ = {isa = PBXFileReference; fileEncoding = 4; lastKnownFileType = sourcecode.c.objc; path = UMMTP3Task_m2paProcessorRestored.m; sourceTree = "<group>"; };
		A6B717CC1A3187C50090FC94 /* UMMTP3Task_m2paSpeedLimitReached.h */ = {isa = PBXFileReference; fileEncoding = 4; lastKnownFileType = sourcecode.c.h; path = UMMTP3Task_m2paSpeedLimitReached.h; sourceTree = "<group>"; };
		A6B717CD1A3187C50090FC94 /* UMMTP3Task_m2paSpeedLimitReached.m */ = {isa = PBXFileReference; fileEncoding = 4; lastKnownFileType = sourcecode.c.objc; path = UMMTP3Task_m2paSpeedLimitReached.m; sourceTree = "<group>"; };
		A6B717D01A3187D90090FC94 /* UMMTP3Task_m2paSpeedLimitReachedCleared.h */ = {isa = PBXFileReference; fileEncoding = 4; lastKnownFileType = sourcecode.c.h; path = UMMTP3Task_m2paSpeedLimitReachedCleared.h; sourceTree = "<group>"; };
		A6B717D11A3187D90090FC94 /* UMMTP3Task_m2paSpeedLimitReachedCleared.m */ = {isa = PBXFileReference; fileEncoding = 4; lastKnownFileType = sourcecode.c.objc; path = UMMTP3Task_m2paSpeedLimitReachedCleared.m; sourceTree = "<group>"; };
		A6B717E41A31B3000090FC94 /* UMMTP3Variant.h */ = {isa = PBXFileReference; fileEncoding = 4; lastKnownFileType = sourcecode.c.h; path = UMMTP3Variant.h; sourceTree = "<group>"; };
		A6B717E61A31B3B00090FC94 /* UMMTP3Label.h */ = {isa = PBXFileReference; fileEncoding = 4; lastKnownFileType = sourcecode.c.h; path = UMMTP3Label.h; sourceTree = "<group>"; };
		A6B717E71A31B3B00090FC94 /* UMMTP3Label.m */ = {isa = PBXFileReference; fileEncoding = 4; lastKnownFileType = sourcecode.c.objc; path = UMMTP3Label.m; sourceTree = "<group>"; };
		A6B717EA1A31B91C0090FC94 /* UMMTP3HeadingCode.h */ = {isa = PBXFileReference; fileEncoding = 4; lastKnownFileType = sourcecode.c.h; path = UMMTP3HeadingCode.h; sourceTree = "<group>"; };
		A6BA5CDE1A3669C200854472 /* UMMTP3Task_adminCreateLinkSet.h */ = {isa = PBXFileReference; fileEncoding = 4; lastKnownFileType = sourcecode.c.h; path = UMMTP3Task_adminCreateLinkSet.h; sourceTree = "<group>"; };
		A6BA5CDF1A3669C200854472 /* UMMTP3Task_adminCreateLinkSet.m */ = {isa = PBXFileReference; fileEncoding = 4; lastKnownFileType = sourcecode.c.objc; path = UMMTP3Task_adminCreateLinkSet.m; sourceTree = "<group>"; };
		A6BA5CE21A3669D400854472 /* UMMTP3Task_adminCreateLink.h */ = {isa = PBXFileReference; fileEncoding = 4; lastKnownFileType = sourcecode.c.h; path = UMMTP3Task_adminCreateLink.h; sourceTree = "<group>"; };
		A6BA5CE31A3669D400854472 /* UMMTP3Task_adminCreateLink.m */ = {isa = PBXFileReference; fileEncoding = 4; lastKnownFileType = sourcecode.c.objc; path = UMMTP3Task_adminCreateLink.m; sourceTree = "<group>"; };
		A6BD07661DC2B63C0048E807 /* LICENSE */ = {isa = PBXFileReference; fileEncoding = 4; lastKnownFileType = text; path = LICENSE; sourceTree = "<group>"; };
		A6BE2D2D1E3A5E98005B2B91 /* UMMTP3RoutePriority.h */ = {isa = PBXFileReference; fileEncoding = 4; lastKnownFileType = sourcecode.c.h; path = UMMTP3RoutePriority.h; sourceTree = "<group>"; };
		A6C78D821A29436E006C66A2 /* ulibm2pa.framework */ = {isa = PBXFileReference; lastKnownFileType = wrapper.framework; name = ulibm2pa.framework; path = "/Library/Application Support/FinkTelecomServices/frameworks/ulibm2pa.framework"; sourceTree = "<absolute>"; };
		A6C78D851A29437B006C66A2 /* ulibsctp.framework */ = {isa = PBXFileReference; lastKnownFileType = wrapper.framework; name = ulibsctp.framework; path = "/Library/Application Support/FinkTelecomServices/frameworks/ulibsctp.framework"; sourceTree = "<absolute>"; };
		A6C78D8B1A294392006C66A2 /* ulib.framework */ = {isa = PBXFileReference; lastKnownFileType = wrapper.framework; name = ulib.framework; path = "/Library/Application Support/FinkTelecomServices/frameworks/ulib.framework"; sourceTree = "<absolute>"; };
		A6D75F051FCF258A005C198E /* UMMTP3SyslogClient.h */ = {isa = PBXFileReference; lastKnownFileType = sourcecode.c.h; path = UMMTP3SyslogClient.h; sourceTree = "<group>"; };
		A6D75F061FCF258A005C198E /* UMMTP3SyslogClient.m */ = {isa = PBXFileReference; lastKnownFileType = sourcecode.c.objc; path = UMMTP3SyslogClient.m; sourceTree = "<group>"; };
		A6E3090723AAF32400783116 /* mtp3routeTests.m */ = {isa = PBXFileReference; lastKnownFileType = sourcecode.c.objc; path = mtp3routeTests.m; sourceTree = "<group>"; };
		A6E7BF2F1FBECDF600C53765 /* Q.708B-2011-ISPC.pdf */ = {isa = PBXFileReference; lastKnownFileType = image.pdf; path = "Q.708B-2011-ISPC.pdf"; sourceTree = "<group>"; };
		A6E7BF541FBED6CC00C53765 /* rfc-4666-m3ua.txt */ = {isa = PBXFileReference; fileEncoding = 4; lastKnownFileType = text; path = "rfc-4666-m3ua.txt"; sourceTree = "<group>"; };
		A6E99F6B268194CF002AD342 /* UMMTP3LinkSetPrometheusData.h */ = {isa = PBXFileReference; lastKnownFileType = sourcecode.c.h; path = UMMTP3LinkSetPrometheusData.h; sourceTree = "<group>"; };
		A6E99F6C268194CF002AD342 /* UMMTP3LinkSetPrometheusData.m */ = {isa = PBXFileReference; lastKnownFileType = sourcecode.c.objc; path = UMMTP3LinkSetPrometheusData.m; sourceTree = "<group>"; };
		A6EB479A1A35BB8E0090FC94 /* UMMTP3Task_adminAttachOrder.h */ = {isa = PBXFileReference; fileEncoding = 4; lastKnownFileType = sourcecode.c.h; path = UMMTP3Task_adminAttachOrder.h; sourceTree = "<group>"; };
		A6EB479B1A35BB8E0090FC94 /* UMMTP3Task_adminAttachOrder.m */ = {isa = PBXFileReference; fileEncoding = 4; lastKnownFileType = sourcecode.c.objc; path = UMMTP3Task_adminAttachOrder.m; sourceTree = "<group>"; };
		A6F442B41CB26E8000C2B472 /* UMMTP3Task_start.h */ = {isa = PBXFileReference; fileEncoding = 4; lastKnownFileType = sourcecode.c.h; path = UMMTP3Task_start.h; sourceTree = "<group>"; };
		A6F442B51CB26E8000C2B472 /* UMMTP3Task_start.m */ = {isa = PBXFileReference; fileEncoding = 4; lastKnownFileType = sourcecode.c.objc; path = UMMTP3Task_start.m; sourceTree = "<group>"; };
		A6F442B81CB2706A00C2B472 /* UMMTP3Task_stop.h */ = {isa = PBXFileReference; fileEncoding = 4; lastKnownFileType = sourcecode.c.h; path = UMMTP3Task_stop.h; sourceTree = "<group>"; };
		A6F442B91CB2706A00C2B472 /* UMMTP3Task_stop.m */ = {isa = PBXFileReference; fileEncoding = 4; lastKnownFileType = sourcecode.c.objc; path = UMMTP3Task_stop.m; sourceTree = "<group>"; };
		A6F693F81B4E83E30090FC94 /* configure.in */ = {isa = PBXFileReference; lastKnownFileType = text; path = configure.in; sourceTree = "<group>"; };
		A6F693F91B4E83E30090FC94 /* VERSION */ = {isa = PBXFileReference; lastKnownFileType = text; path = VERSION; sourceTree = "<group>"; };
		A6F694301B4E86390090FC94 /* Makefile.linux.in */ = {isa = PBXFileReference; lastKnownFileType = text; path = Makefile.linux.in; sourceTree = "<group>"; };
		A6F694311B4E86390090FC94 /* Makefile.osx.in */ = {isa = PBXFileReference; lastKnownFileType = text; path = Makefile.osx.in; sourceTree = "<group>"; };
		A6F694321B4E86390090FC94 /* ulibmtp3.pc.in */ = {isa = PBXFileReference; lastKnownFileType = text; path = ulibmtp3.pc.in; sourceTree = "<group>"; };
/* End PBXFileReference section */

/* Begin PBXFrameworksBuildPhase section */
		A604D0F519B999AA0090FC94 /* Frameworks */ = {
			isa = PBXFrameworksBuildPhase;
			buildActionMask = 2147483647;
			files = (
				A6E3D78E22BABDAE00D5B1B6 /* ulibsctp.framework in Frameworks */,
				A6C78D831A29436E006C66A2 /* ulibm2pa.framework in Frameworks */,
				A6AA23CE2485420A008D5A57 /* ulibdb.framework in Frameworks */,
				A6C78D8C1A294393006C66A2 /* ulib.framework in Frameworks */,
			);
			runOnlyForDeploymentPostprocessing = 0;
		};
		A604D10D19B999AA0090FC94 /* Frameworks */ = {
			isa = PBXFrameworksBuildPhase;
			buildActionMask = 2147483647;
			files = (
				A604D11619B999AA0090FC94 /* ulibmtp3.framework in Frameworks */,
				A6C78D881A29437B006C66A2 /* ulibsctp.framework in Frameworks */,
				A6C78D841A29436E006C66A2 /* ulibm2pa.framework in Frameworks */,
				A6C78D8D1A294393006C66A2 /* ulib.framework in Frameworks */,
			);
			runOnlyForDeploymentPostprocessing = 0;
		};
/* End PBXFrameworksBuildPhase section */

/* Begin PBXGroup section */
		A604D0EF19B999AA0090FC94 = {
			isa = PBXGroup;
			children = (
				A629F27C25B86C2E00C209E5 /* File */,
				A6F693F81B4E83E30090FC94 /* configure.in */,
				A6F693F91B4E83E30090FC94 /* VERSION */,
				A6BD07661DC2B63C0048E807 /* LICENSE */,
				A6F694301B4E86390090FC94 /* Makefile.linux.in */,
				A6F694311B4E86390090FC94 /* Makefile.osx.in */,
				A6F694321B4E86390090FC94 /* ulibmtp3.pc.in */,
				A604D10219B999AA0090FC94 /* Classes */,
				A604D10319B999AA0090FC94 /* Supporting Files */,
				A604D11719B999AA0090FC94 /* ulibmtp3Tests */,
				A604D0FA19B999AA0090FC94 /* Products */,
				A604D0FB19B999AA0090FC94 /* Frameworks */,
				A6E7BF2E1FBECDBE00C53765 /* doc */,
			);
			sourceTree = "<group>";
		};
		A604D0FA19B999AA0090FC94 /* Products */ = {
			isa = PBXGroup;
			children = (
				A604D0F919B999AA0090FC94 /* ulibmtp3.framework */,
				A604D11019B999AA0090FC94 /* ulibmtp3Tests.xctest */,
			);
			name = Products;
			sourceTree = "<group>";
		};
		A604D0FB19B999AA0090FC94 /* Frameworks */ = {
			isa = PBXGroup;
			children = (
				A6C78D8B1A294392006C66A2 /* ulib.framework */,
				A615D90A1B4D5F2900854472 /* sctp.framework */,
				A6AA23CD24854209008D5A57 /* ulibdb.framework */,
				A6C78D851A29437B006C66A2 /* ulibsctp.framework */,
				A6C78D821A29436E006C66A2 /* ulibm2pa.framework */,
			);
			name = Frameworks;
			sourceTree = "<group>";
		};
		A604D10219B999AA0090FC94 /* Classes */ = {
			isa = PBXGroup;
			children = (
				A68B88B61E36A89D00CE0B05 /* ulibmtp3_version.h */,
				A68B88B21E36A21F00CE0B05 /* ulibmtp3_version.h.in */,
				A604D10919B999AA0090FC94 /* ulibmtp3.h */,
				A60A36DC1A305C240090FC94 /* UMLayerMTP3.h */,
				A60A36DD1A305C240090FC94 /* UMLayerMTP3.m */,
				A6827E141E380E6100F3048B /* UMLayerMTP3ApplicationContextProtocol.h */,
				A6813F0B1DE8177C001FC87D /* UMLayerMTP3ProviderProtocol.h */,
				A60A36D81A305B8A0090FC94 /* UMLayerMTP3UserProtocol.h */,
				A65270F625C33580007CF832 /* UMM3UAApplicationServerMode.h */,
				A6813F121DE82266001FC87D /* UMM3UAApplicationServer.h */,
				A6A2B8D01E389A0100E8F0AB /* UMM3UAApplicationServer.m */,
				A6827E041E37DD0F00F3048B /* UMM3UAApplicationServerProcess.h */,
				A6827E051E37DD0F00F3048B /* UMM3UAApplicationServerProcess.m */,
				A6827E081E37EC2200F3048B /* UMM3UAStatus.h */,
				A6813F161DE8232D001FC87D /* UMM3UATrafficMode.h */,
				A628513F1A46E4010090FC94 /* UMMTP3BlackList.h */,
				A62851401A46E4010090FC94 /* UMMTP3BlackList.m */,
				A603428F1EA9B1DD00706C21 /* UMMTP3Filter_Result.h */,
				A6B717EA1A31B91C0090FC94 /* UMMTP3HeadingCode.h */,
				A6B3762423FA7BD8007F6F20 /* UMMTP3RouteStatus.h */,
				A6B3762823FA7BE1007F6F20 /* UMMTP3RouteCongestionLevel.h */,
				A6B3762C23FA7BEA007F6F20 /* UMMTP3RouteTestStatus.h */,
				A6B717E61A31B3B00090FC94 /* UMMTP3Label.h */,
				A6B717E71A31B3B00090FC94 /* UMMTP3Label.m */,
				A60A36E61A305DDC0090FC94 /* UMMTP3Link.h */,
				A60A36E71A305DDC0090FC94 /* UMMTP3Link.m */,
				A6B3761023FA6525007F6F20 /* UMMTP3InstanceRoute.h */,
				A6B3761123FA6525007F6F20 /* UMMTP3InstanceRoute.m */,
				A6B3761423FA6539007F6F20 /* UMMTP3InstanceRoutingTable.h */,
				A6B3761523FA6539007F6F20 /* UMMTP3InstanceRoutingTable.m */,
				A60A36E11A305DCF0090FC94 /* UMMTP3LinkSet.h */,
				A60A36E21A305DCF0090FC94 /* UMMTP3LinkSet.m */,
				A6E99F6B268194CF002AD342 /* UMMTP3LinkSetPrometheusData.h */,
				A6E99F6C268194CF002AD342 /* UMMTP3LinkSetPrometheusData.m */,
				A691E59D237001A800589718 /* UMMTP3PointCodeTranslationTable.h */,
				A691E59E237001A800589718 /* UMMTP3PointCodeTranslationTable.m */,
				A603428B1EA8327F00706C21 /* UMMTP3PduFilter.h */,
				A603428C1EA8327F00706C21 /* UMMTP3PduFilter.m */,
				A60A36F51A3063E60090FC94 /* UMMTP3PointCode.h */,
				A60A36F61A3063E60090FC94 /* UMMTP3PointCode.m */,
				A60342931EA9B22600706C21 /* UMMTP3PointcodeFilter.h */,
				A60342941EA9B22600706C21 /* UMMTP3PointcodeFilter.m */,
				A60A36FA1A306B710090FC94 /* UMMTP3RouteMetrics.h */,
				A60A36FB1A306B710090FC94 /* UMMTP3RouteMetrics.m */,
				A6BE2D2D1E3A5E98005B2B91 /* UMMTP3RoutePriority.h */,
				A6D75F051FCF258A005C198E /* UMMTP3SyslogClient.h */,
				A6D75F061FCF258A005C198E /* UMMTP3SyslogClient.m */,
				A6EB479A1A35BB8E0090FC94 /* UMMTP3Task_adminAttachOrder.h */,
				A6EB479B1A35BB8E0090FC94 /* UMMTP3Task_adminAttachOrder.m */,
				A6BA5CE21A3669D400854472 /* UMMTP3Task_adminCreateLink.h */,
				A6BA5CE31A3669D400854472 /* UMMTP3Task_adminCreateLink.m */,
				A6BA5CDE1A3669C200854472 /* UMMTP3Task_adminCreateLinkSet.h */,
				A6BA5CDF1A3669C200854472 /* UMMTP3Task_adminCreateLinkSet.m */,
				A6B717BC1A3187850090FC94 /* UMMTP3Task_m2paCongestion.h */,
				A6B717BD1A3187850090FC94 /* UMMTP3Task_m2paCongestion.m */,
				A6B717C01A3187940090FC94 /* UMMTP3Task_m2paCongestionCleared.h */,
				A6B717C11A3187940090FC94 /* UMMTP3Task_m2paCongestionCleared.m */,
				A6B717B81A3187720090FC94 /* UMMTP3Task_m2paDataIndication.h */,
				A6B717B91A3187720090FC94 /* UMMTP3Task_m2paDataIndication.m */,
				A6B717C41A3187A30090FC94 /* UMMTP3Task_m2paProcessorOutage.h */,
				A6B717C51A3187A30090FC94 /* UMMTP3Task_m2paProcessorOutage.m */,
				A6B717C81A3187B30090FC94 /* UMMTP3Task_m2paProcessorRestored.h */,
				A6B717C91A3187B30090FC94 /* UMMTP3Task_m2paProcessorRestored.m */,
				A6B717B41A31875C0090FC94 /* UMMTP3Task_m2paSctpStatusIndication.h */,
				A6B717B51A31875C0090FC94 /* UMMTP3Task_m2paSctpStatusIndication.m */,
				A6B717CC1A3187C50090FC94 /* UMMTP3Task_m2paSpeedLimitReached.h */,
				A6B717CD1A3187C50090FC94 /* UMMTP3Task_m2paSpeedLimitReached.m */,
				A6B717D01A3187D90090FC94 /* UMMTP3Task_m2paSpeedLimitReachedCleared.h */,
				A6B717D11A3187D90090FC94 /* UMMTP3Task_m2paSpeedLimitReachedCleared.m */,
				A6B717B01A3187450090FC94 /* UMMTP3Task_m2paStatusIndication.h */,
				A6B717B11A3187450090FC94 /* UMMTP3Task_m2paStatusIndication.m */,
				A6F442B41CB26E8000C2B472 /* UMMTP3Task_start.h */,
				A6F442B51CB26E8000C2B472 /* UMMTP3Task_start.m */,
				A6F442B81CB2706A00C2B472 /* UMMTP3Task_stop.h */,
				A6F442B91CB2706A00C2B472 /* UMMTP3Task_stop.m */,
				A62851371A46E32A0090FC94 /* UMMTP3TransitPermission.h */,
				A62851381A46E32A0090FC94 /* UMMTP3TransitPermission.m */,
				A6B717E41A31B3000090FC94 /* UMMTP3Variant.h */,
				A628513B1A46E3F40090FC94 /* UMMTP3WhiteList.h */,
				A628513C1A46E3F40090FC94 /* UMMTP3WhiteList.m */,
				A666EF681E89C4AF004804CB /* UMSyntaxToken_Pointcode.h */,
				A666EF691E89C4AF004804CB /* UMSyntaxToken_Pointcode.m */,
				A6AD89F121CD73F300F40945 /* UMMTP3TranslationTableMap.h */,
				A6AD89F221CD73F300F40945 /* UMMTP3TranslationTableMap.m */,
				A6AA23D524855071008D5A57 /* UMMTP3StatisticDb.h */,
				A6AA23D624855071008D5A57 /* UMMTP3StatisticDb.m */,
				A6AA23C724854164008D5A57 /* UMMTP3StatisticDbRecord.h */,
				A6AA23C824854164008D5A57 /* UMMTP3StatisticDbRecord.m */,
			);
			path = Classes;
			sourceTree = "<group>";
		};
		A604D10319B999AA0090FC94 /* Supporting Files */ = {
			isa = PBXGroup;
			children = (
				A604D10419B999AA0090FC94 /* ulibmtp3-Info.plist */,
				A604D10519B999AA0090FC94 /* InfoPlist.strings */,
				A604D10819B999AA0090FC94 /* ulibmtp3-Prefix.pch */,
			);
			name = "Supporting Files";
			path = SupportingFiles;
			sourceTree = "<group>";
		};
		A604D11719B999AA0090FC94 /* ulibmtp3Tests */ = {
			isa = PBXGroup;
			children = (
				A604D11D19B999AA0090FC94 /* ulibmtp3Tests.m */,
				A6E3090723AAF32400783116 /* mtp3routeTests.m */,
				A604D11819B999AA0090FC94 /* Supporting Files */,
			);
			path = ulibmtp3Tests;
			sourceTree = "<group>";
		};
		A604D11819B999AA0090FC94 /* Supporting Files */ = {
			isa = PBXGroup;
			children = (
				A604D11919B999AA0090FC94 /* ulibmtp3Tests-Info.plist */,
				A604D11A19B999AA0090FC94 /* InfoPlist.strings */,
			);
			name = "Supporting Files";
			sourceTree = "<group>";
		};
		A6E7BF2E1FBECDBE00C53765 /* doc */ = {
			isa = PBXGroup;
			children = (
				A6E7BF2F1FBECDF600C53765 /* Q.708B-2011-ISPC.pdf */,
				A6E7BF541FBED6CC00C53765 /* rfc-4666-m3ua.txt */,
			);
			path = doc;
			sourceTree = "<group>";
		};
/* End PBXGroup section */

/* Begin PBXHeadersBuildPhase section */
		A604D0F619B999AA0090FC94 /* Headers */ = {
			isa = PBXHeadersBuildPhase;
			buildActionMask = 2147483647;
			files = (
				A6F178CC21AF03B00084D972 /* UMM3UAApplicationServerProcess.h in Headers */,
				A6F178D021AF03B00084D972 /* UMMTP3Filter_Result.h in Headers */,
				A6AA23C924854164008D5A57 /* UMMTP3StatisticDbRecord.h in Headers */,
				A6F178DE21AF03B00084D972 /* UMMTP3RoutePriority.h in Headers */,
				A6F178E921AF03B00084D972 /* UMMTP3Task_m2paSctpStatusIndication.h in Headers */,
				A6F178D121AF03B00084D972 /* UMMTP3HeadingCode.h in Headers */,
				A6F178E021AF03B00084D972 /* UMMTP3SyslogClient.h in Headers */,
				A6F178F121AF03B00084D972 /* UMMTP3WhiteList.h in Headers */,
				A6F178EF21AF03B00084D972 /* UMMTP3TransitPermission.h in Headers */,
				A6F178EB21AF03B00084D972 /* UMMTP3Task_m2paSpeedLimitReachedCleared.h in Headers */,
				A6F178CD21AF03B00084D972 /* UMM3UAStatus.h in Headers */,
				A6F178DA21AF03B00084D972 /* UMMTP3PointCode.h in Headers */,
				A6AD89F321CD73F300F40945 /* UMMTP3TranslationTableMap.h in Headers */,
				A6F178F221AF03B00084D972 /* UMSyntaxToken_Pointcode.h in Headers */,
				A6F178E121AF03B00084D972 /* UMMTP3Task_adminAttachOrder.h in Headers */,
				A6F178F021AF03B00084D972 /* UMMTP3Variant.h in Headers */,
				A6F178EE21AF03B00084D972 /* UMMTP3Task_stop.h in Headers */,
				A6F178E521AF03B00084D972 /* UMMTP3Task_m2paCongestionCleared.h in Headers */,
				A6F178CB21AF03B00084D972 /* UMM3UAApplicationServer.h in Headers */,
				A6F178C621AF03B00084D972 /* ulibmtp3.h in Headers */,
				A6B3762A23FA7BE1007F6F20 /* UMMTP3RouteCongestionLevel.h in Headers */,
				A6F178E821AF03B00084D972 /* UMMTP3Task_m2paProcessorRestored.h in Headers */,
				A6F178EC21AF03B00084D972 /* UMMTP3Task_m2paStatusIndication.h in Headers */,
				A6E99F6D268194CF002AD342 /* UMMTP3LinkSetPrometheusData.h in Headers */,
				A6AA23D724855071008D5A57 /* UMMTP3StatisticDb.h in Headers */,
				A6B3761223FA6525007F6F20 /* UMMTP3InstanceRoute.h in Headers */,
				A6F178D421AF03B00084D972 /* UMMTP3Link.h in Headers */,
				A6F178E721AF03B00084D972 /* UMMTP3Task_m2paProcessorOutage.h in Headers */,
				A6F178C521AF03B00084D972 /* ulibmtp3_version.h in Headers */,
				A6F178ED21AF03B00084D972 /* UMMTP3Task_start.h in Headers */,
				A6F178DD21AF03B00084D972 /* UMMTP3RouteMetrics.h in Headers */,
				A6F178DB21AF03B00084D972 /* UMMTP3PointcodeFilter.h in Headers */,
				A6F178E421AF03B00084D972 /* UMMTP3Task_m2paCongestion.h in Headers */,
				A6F178D321AF03B00084D972 /* UMMTP3Label.h in Headers */,
				A6B3761623FA6539007F6F20 /* UMMTP3InstanceRoutingTable.h in Headers */,
				A6B3762623FA7BD8007F6F20 /* UMMTP3RouteStatus.h in Headers */,
				A6B3762E23FA7BEA007F6F20 /* UMMTP3RouteTestStatus.h in Headers */,
				A6F178C721AF03B00084D972 /* UMLayerMTP3.h in Headers */,
				A6F178D621AF03B00084D972 /* UMMTP3LinkSet.h in Headers */,
				A6F178C821AF03B00084D972 /* UMLayerMTP3ApplicationContextProtocol.h in Headers */,
				A6F178C921AF03B00084D972 /* UMLayerMTP3ProviderProtocol.h in Headers */,
				A6F178CA21AF03B00084D972 /* UMLayerMTP3UserProtocol.h in Headers */,
				A6F178CF21AF03B00084D972 /* UMMTP3BlackList.h in Headers */,
				A691E59F237001A800589718 /* UMMTP3PointCodeTranslationTable.h in Headers */,
				A6F178E621AF03B00084D972 /* UMMTP3Task_m2paDataIndication.h in Headers */,
				A6F178E321AF03B00084D972 /* UMMTP3Task_adminCreateLinkSet.h in Headers */,
				A6F178E221AF03B00084D972 /* UMMTP3Task_adminCreateLink.h in Headers */,
				A6F178D921AF03B00084D972 /* UMMTP3PduFilter.h in Headers */,
				A65270F825C33580007CF832 /* UMM3UAApplicationServerMode.h in Headers */,
				A6F178EA21AF03B00084D972 /* UMMTP3Task_m2paSpeedLimitReached.h in Headers */,
				A6F178CE21AF03B00084D972 /* UMM3UATrafficMode.h in Headers */,
			);
			runOnlyForDeploymentPostprocessing = 0;
		};
/* End PBXHeadersBuildPhase section */

/* Begin PBXNativeTarget section */
		A604D0F819B999AA0090FC94 /* ulibmtp3 */ = {
			isa = PBXNativeTarget;
			buildConfigurationList = A604D12119B999AA0090FC94 /* Build configuration list for PBXNativeTarget "ulibmtp3" */;
			buildPhases = (
				A604D0F419B999AA0090FC94 /* Sources */,
				A604D0F519B999AA0090FC94 /* Frameworks */,
				A604D0F619B999AA0090FC94 /* Headers */,
				A604D0F719B999AA0090FC94 /* Resources */,
			);
			buildRules = (
			);
			dependencies = (
			);
			name = ulibmtp3;
			productName = ulibmtp3;
			productReference = A604D0F919B999AA0090FC94 /* ulibmtp3.framework */;
			productType = "com.apple.product-type.framework";
		};
		A604D10F19B999AA0090FC94 /* ulibmtp3Tests */ = {
			isa = PBXNativeTarget;
			buildConfigurationList = A604D12419B999AA0090FC94 /* Build configuration list for PBXNativeTarget "ulibmtp3Tests" */;
			buildPhases = (
				A604D10C19B999AA0090FC94 /* Sources */,
				A604D10D19B999AA0090FC94 /* Frameworks */,
				A604D10E19B999AA0090FC94 /* Resources */,
			);
			buildRules = (
			);
			dependencies = (
				A604D11519B999AA0090FC94 /* PBXTargetDependency */,
			);
			name = ulibmtp3Tests;
			productName = ulibmtp3Tests;
			productReference = A604D11019B999AA0090FC94 /* ulibmtp3Tests.xctest */;
			productType = "com.apple.product-type.bundle.unit-test";
		};
/* End PBXNativeTarget section */

/* Begin PBXProject section */
		A604D0F019B999AA0090FC94 /* Project object */ = {
			isa = PBXProject;
			attributes = {
				LastUpgradeCheck = 1250;
				ORGANIZATIONNAME = "Andreas Fink (andreas@fink.org)";
				TargetAttributes = {
					A604D0F819B999AA0090FC94 = {
						DevelopmentTeam = 2GSNWPNR77;
						ProvisioningStyle = Automatic;
					};
					A604D10F19B999AA0090FC94 = {
						DevelopmentTeam = 2GSNWPNR77;
						ProvisioningStyle = Automatic;
					};
				};
			};
			buildConfigurationList = A604D0F319B999AA0090FC94 /* Build configuration list for PBXProject "ulibmtp3" */;
			compatibilityVersion = "Xcode 3.2";
			developmentRegion = en;
			hasScannedForEncodings = 0;
			knownRegions = (
				en,
				Base,
			);
			mainGroup = A604D0EF19B999AA0090FC94;
			productRefGroup = A604D0FA19B999AA0090FC94 /* Products */;
			projectDirPath = "";
			projectRoot = "";
			targets = (
				A604D0F819B999AA0090FC94 /* ulibmtp3 */,
				A604D10F19B999AA0090FC94 /* ulibmtp3Tests */,
			);
		};
/* End PBXProject section */

/* Begin PBXResourcesBuildPhase section */
		A604D0F719B999AA0090FC94 /* Resources */ = {
			isa = PBXResourcesBuildPhase;
			buildActionMask = 2147483647;
			files = (
			);
			runOnlyForDeploymentPostprocessing = 0;
		};
		A604D10E19B999AA0090FC94 /* Resources */ = {
			isa = PBXResourcesBuildPhase;
			buildActionMask = 2147483647;
			files = (
				A604D11C19B999AA0090FC94 /* InfoPlist.strings in Resources */,
			);
			runOnlyForDeploymentPostprocessing = 0;
		};
/* End PBXResourcesBuildPhase section */

/* Begin PBXSourcesBuildPhase section */
		A604D0F419B999AA0090FC94 /* Sources */ = {
			isa = PBXSourcesBuildPhase;
			buildActionMask = 2147483647;
			files = (
				A6F1790E21AF044B0084D972 /* UMMTP3Task_m2paSpeedLimitReached.m in Sources */,
				A6B3761723FA6539007F6F20 /* UMMTP3InstanceRoutingTable.m in Sources */,
				A6F178FE21AF044B0084D972 /* UMMTP3PduFilter.m in Sources */,
				A6AA23D824855071008D5A57 /* UMMTP3StatisticDb.m in Sources */,
				A6F1790621AF044B0084D972 /* UMMTP3Task_adminCreateLink.m in Sources */,
				A6F178FF21AF044B0084D972 /* UMMTP3PointCode.m in Sources */,
				A6F1791421AF044B0084D972 /* UMMTP3WhiteList.m in Sources */,
				A6F178F321AF044B0084D972 /* UMLayerMTP3.m in Sources */,
				A6F178F421AF044B0084D972 /* UMM3UAApplicationServer.m in Sources */,
				A691E5A0237001A800589718 /* UMMTP3PointCodeTranslationTable.m in Sources */,
				A6F1791521AF044B0084D972 /* UMSyntaxToken_Pointcode.m in Sources */,
				A6F178FB21AF044B0084D972 /* UMMTP3LinkSet.m in Sources */,
				A6F178F921AF044B0084D972 /* UMMTP3Link.m in Sources */,
				A6F1791221AF044B0084D972 /* UMMTP3Task_stop.m in Sources */,
				A6AA23CA24854164008D5A57 /* UMMTP3StatisticDbRecord.m in Sources */,
				A6AD89F421CD73F300F40945 /* UMMTP3TranslationTableMap.m in Sources */,
				A6F1791021AF044B0084D972 /* UMMTP3Task_m2paStatusIndication.m in Sources */,
				A6F178F821AF044B0084D972 /* UMMTP3Label.m in Sources */,
				A6F1790521AF044B0084D972 /* UMMTP3Task_adminAttachOrder.m in Sources */,
				A6F1791321AF044B0084D972 /* UMMTP3TransitPermission.m in Sources */,
				A6F1790C21AF044B0084D972 /* UMMTP3Task_m2paProcessorRestored.m in Sources */,
				A6F1790021AF044B0084D972 /* UMMTP3PointcodeFilter.m in Sources */,
				A6F1790F21AF044B0084D972 /* UMMTP3Task_m2paSpeedLimitReachedCleared.m in Sources */,
				A6F178F521AF044B0084D972 /* UMM3UAApplicationServerProcess.m in Sources */,
				A6F1790821AF044B0084D972 /* UMMTP3Task_m2paCongestion.m in Sources */,
				A6F1791121AF044B0084D972 /* UMMTP3Task_start.m in Sources */,
				A6E99F6E268194CF002AD342 /* UMMTP3LinkSetPrometheusData.m in Sources */,
				A6F1790221AF044B0084D972 /* UMMTP3RouteMetrics.m in Sources */,
				A6F1790D21AF044B0084D972 /* UMMTP3Task_m2paSctpStatusIndication.m in Sources */,
				A6F1790721AF044B0084D972 /* UMMTP3Task_adminCreateLinkSet.m in Sources */,
				A6F1790921AF044B0084D972 /* UMMTP3Task_m2paCongestionCleared.m in Sources */,
				A6F1790B21AF044B0084D972 /* UMMTP3Task_m2paProcessorOutage.m in Sources */,
				A6F178F621AF044B0084D972 /* UMMTP3BlackList.m in Sources */,
				A6F1790A21AF044B0084D972 /* UMMTP3Task_m2paDataIndication.m in Sources */,
				A6B3761323FA6525007F6F20 /* UMMTP3InstanceRoute.m in Sources */,
				A6F1790421AF044B0084D972 /* UMMTP3SyslogClient.m in Sources */,
			);
			runOnlyForDeploymentPostprocessing = 0;
		};
		A604D10C19B999AA0090FC94 /* Sources */ = {
			isa = PBXSourcesBuildPhase;
			buildActionMask = 2147483647;
			files = (
				A6F1792F21AF044B0084D972 /* UMMTP3TransitPermission.m in Sources */,
				A604D11E19B999AA0090FC94 /* ulibmtp3Tests.m in Sources */,
				A6F1791F21AF044B0084D972 /* UMMTP3PointcodeFilter.m in Sources */,
				A6F1792721AF044B0084D972 /* UMMTP3Task_m2paProcessorOutage.m in Sources */,
				A6F1792921AF044B0084D972 /* UMMTP3Task_m2paSctpStatusIndication.m in Sources */,
				A6F1792E21AF044B0084D972 /* UMMTP3Task_stop.m in Sources */,
				A60A36E01A305C240090FC94 /* UMLayerMTP3.m in Sources */,
				A60A36FE1A306B710090FC94 /* UMMTP3RouteMetrics.m in Sources */,
				A6F1791621AF044B0084D972 /* UMM3UAApplicationServer.m in Sources */,
				A6F1791E21AF044B0084D972 /* UMMTP3PduFilter.m in Sources */,
				A6F1792621AF044B0084D972 /* UMMTP3Task_m2paDataIndication.m in Sources */,
				A6F1792821AF044B0084D972 /* UMMTP3Task_m2paProcessorRestored.m in Sources */,
				A6F1791821AF044B0084D972 /* UMMTP3BlackList.m in Sources */,
				A6F1792A21AF044B0084D972 /* UMMTP3Task_m2paSpeedLimitReached.m in Sources */,
				A6F1792121AF044B0084D972 /* UMMTP3Task_adminAttachOrder.m in Sources */,
				A60A36F91A3063E60090FC94 /* UMMTP3PointCode.m in Sources */,
				A6F1792421AF044B0084D972 /* UMMTP3Task_m2paCongestion.m in Sources */,
				A6F1792D21AF044B0084D972 /* UMMTP3Task_start.m in Sources */,
				A6F1793121AF044B0084D972 /* UMSyntaxToken_Pointcode.m in Sources */,
				A6F1792C21AF044B0084D972 /* UMMTP3Task_m2paStatusIndication.m in Sources */,
				A6F1792321AF044B0084D972 /* UMMTP3Task_adminCreateLinkSet.m in Sources */,
				A60A36E51A305DCF0090FC94 /* UMMTP3LinkSet.m in Sources */,
				A60A36EA1A305DDC0090FC94 /* UMMTP3Link.m in Sources */,
				A6E3090823AAF32400783116 /* mtp3routeTests.m in Sources */,
				A6F1793021AF044B0084D972 /* UMMTP3WhiteList.m in Sources */,
				A6F1791721AF044B0084D972 /* UMM3UAApplicationServerProcess.m in Sources */,
				A6F1792021AF044B0084D972 /* UMMTP3SyslogClient.m in Sources */,
				A6F1792B21AF044B0084D972 /* UMMTP3Task_m2paSpeedLimitReachedCleared.m in Sources */,
				A6F1791A21AF044B0084D972 /* UMMTP3Label.m in Sources */,
				A6F1792221AF044B0084D972 /* UMMTP3Task_adminCreateLink.m in Sources */,
				A6F1792521AF044B0084D972 /* UMMTP3Task_m2paCongestionCleared.m in Sources */,
			);
			runOnlyForDeploymentPostprocessing = 0;
		};
/* End PBXSourcesBuildPhase section */

/* Begin PBXTargetDependency section */
		A604D11519B999AA0090FC94 /* PBXTargetDependency */ = {
			isa = PBXTargetDependency;
			target = A604D0F819B999AA0090FC94 /* ulibmtp3 */;
			targetProxy = A604D11419B999AA0090FC94 /* PBXContainerItemProxy */;
		};
/* End PBXTargetDependency section */

/* Begin PBXVariantGroup section */
		A604D10519B999AA0090FC94 /* InfoPlist.strings */ = {
			isa = PBXVariantGroup;
			children = (
				A604D10619B999AA0090FC94 /* en */,
			);
			name = InfoPlist.strings;
			sourceTree = "<group>";
		};
		A604D11A19B999AA0090FC94 /* InfoPlist.strings */ = {
			isa = PBXVariantGroup;
			children = (
				A604D11B19B999AA0090FC94 /* en */,
			);
			name = InfoPlist.strings;
			sourceTree = "<group>";
		};
/* End PBXVariantGroup section */

/* Begin XCBuildConfiguration section */
		A604D11F19B999AA0090FC94 /* Debug */ = {
			isa = XCBuildConfiguration;
			buildSettings = {
				ALWAYS_SEARCH_USER_PATHS = NO;
				ARCHS = (
					"$(ARCHS_STANDARD)",
					arm64,
					x86_64,
				);
				CLANG_ANALYZER_LOCALIZABILITY_NONLOCALIZED = YES;
				CLANG_CXX_LANGUAGE_STANDARD = "gnu++0x";
				CLANG_CXX_LIBRARY = "libc++";
				CLANG_ENABLE_MODULES = NO;
				CLANG_ENABLE_OBJC_ARC = YES;
				CLANG_WARN_BLOCK_CAPTURE_AUTORELEASING = YES;
				CLANG_WARN_BOOL_CONVERSION = YES;
				CLANG_WARN_COMMA = YES;
				CLANG_WARN_CONSTANT_CONVERSION = YES;
				CLANG_WARN_DEPRECATED_OBJC_IMPLEMENTATIONS = YES;
				CLANG_WARN_DIRECT_OBJC_ISA_USAGE = YES_ERROR;
				CLANG_WARN_EMPTY_BODY = YES;
				CLANG_WARN_ENUM_CONVERSION = YES;
				CLANG_WARN_INFINITE_RECURSION = YES;
				CLANG_WARN_INT_CONVERSION = YES;
				CLANG_WARN_NON_LITERAL_NULL_CONVERSION = YES;
				CLANG_WARN_OBJC_IMPLICIT_RETAIN_SELF = YES;
				CLANG_WARN_OBJC_LITERAL_CONVERSION = YES;
				CLANG_WARN_OBJC_ROOT_CLASS = YES_ERROR;
				CLANG_WARN_RANGE_LOOP_ANALYSIS = YES;
				CLANG_WARN_STRICT_PROTOTYPES = YES;
				CLANG_WARN_SUSPICIOUS_MOVE = YES;
				CLANG_WARN_UNREACHABLE_CODE = YES;
				CLANG_WARN__DUPLICATE_METHOD_MATCH = YES;
				COPY_PHASE_STRIP = NO;
				DEPLOYMENT_LOCATION = YES;
				DEPLOYMENT_POSTPROCESSING = YES;
				DSTROOT = /;
				ENABLE_STRICT_OBJC_MSGSEND = YES;
				ENABLE_TESTABILITY = YES;
				FRAMEWORK_SEARCH_PATHS = "\"/Library/Application Support/FinkTelecomServices/frameworks\"";
				GCC_C_LANGUAGE_STANDARD = gnu99;
				GCC_DYNAMIC_NO_PIC = NO;
				GCC_ENABLE_OBJC_EXCEPTIONS = YES;
				GCC_NO_COMMON_BLOCKS = YES;
				GCC_OPTIMIZATION_LEVEL = 0;
				GCC_PREPROCESSOR_DEFINITIONS = (
					"DEBUG=1",
					"$(inherited)",
				);
				GCC_SYMBOLS_PRIVATE_EXTERN = NO;
				GCC_WARN_64_TO_32_BIT_CONVERSION = YES;
				GCC_WARN_ABOUT_RETURN_TYPE = YES_ERROR;
				GCC_WARN_UNDECLARED_SELECTOR = YES;
				GCC_WARN_UNINITIALIZED_AUTOS = YES_AGGRESSIVE;
				GCC_WARN_UNUSED_FUNCTION = YES;
				GCC_WARN_UNUSED_VARIABLE = YES;
				INSTALL_PATH = "/Library/Application Support/FinkTelecomServices/frameworks";
				MACOSX_DEPLOYMENT_TARGET = 10.14;
				ONLY_ACTIVE_ARCH = NO;
				SDKROOT = macosx;
				STRIP_INSTALLED_PRODUCT = NO;
				WARNING_CFLAGS = "-Wimplicit-fallthrough";
			};
			name = Debug;
		};
		A604D12019B999AA0090FC94 /* Release */ = {
			isa = XCBuildConfiguration;
			buildSettings = {
				ALWAYS_SEARCH_USER_PATHS = NO;
				ARCHS = (
					"$(ARCHS_STANDARD)",
					arm64,
					x86_64,
				);
				CLANG_ANALYZER_LOCALIZABILITY_NONLOCALIZED = YES;
				CLANG_CXX_LANGUAGE_STANDARD = "gnu++0x";
				CLANG_CXX_LIBRARY = "libc++";
				CLANG_ENABLE_MODULES = NO;
				CLANG_ENABLE_OBJC_ARC = YES;
				CLANG_WARN_BLOCK_CAPTURE_AUTORELEASING = YES;
				CLANG_WARN_BOOL_CONVERSION = YES;
				CLANG_WARN_COMMA = YES;
				CLANG_WARN_CONSTANT_CONVERSION = YES;
				CLANG_WARN_DEPRECATED_OBJC_IMPLEMENTATIONS = YES;
				CLANG_WARN_DIRECT_OBJC_ISA_USAGE = YES_ERROR;
				CLANG_WARN_EMPTY_BODY = YES;
				CLANG_WARN_ENUM_CONVERSION = YES;
				CLANG_WARN_INFINITE_RECURSION = YES;
				CLANG_WARN_INT_CONVERSION = YES;
				CLANG_WARN_NON_LITERAL_NULL_CONVERSION = YES;
				CLANG_WARN_OBJC_IMPLICIT_RETAIN_SELF = YES;
				CLANG_WARN_OBJC_LITERAL_CONVERSION = YES;
				CLANG_WARN_OBJC_ROOT_CLASS = YES_ERROR;
				CLANG_WARN_RANGE_LOOP_ANALYSIS = YES;
				CLANG_WARN_STRICT_PROTOTYPES = YES;
				CLANG_WARN_SUSPICIOUS_MOVE = YES;
				CLANG_WARN_UNREACHABLE_CODE = YES;
				CLANG_WARN__DUPLICATE_METHOD_MATCH = YES;
				COPY_PHASE_STRIP = YES;
				DEBUG_INFORMATION_FORMAT = "dwarf-with-dsym";
				DEPLOYMENT_LOCATION = YES;
				DEPLOYMENT_POSTPROCESSING = YES;
				DSTROOT = /;
				ENABLE_NS_ASSERTIONS = NO;
				ENABLE_STRICT_OBJC_MSGSEND = YES;
				FRAMEWORK_SEARCH_PATHS = "\"/Library/Application Support/FinkTelecomServices/frameworks\"";
				GCC_C_LANGUAGE_STANDARD = gnu99;
				GCC_ENABLE_OBJC_EXCEPTIONS = YES;
				GCC_NO_COMMON_BLOCKS = YES;
				GCC_WARN_64_TO_32_BIT_CONVERSION = YES;
				GCC_WARN_ABOUT_RETURN_TYPE = YES_ERROR;
				GCC_WARN_UNDECLARED_SELECTOR = YES;
				GCC_WARN_UNINITIALIZED_AUTOS = YES_AGGRESSIVE;
				GCC_WARN_UNUSED_FUNCTION = YES;
				GCC_WARN_UNUSED_VARIABLE = YES;
				INSTALL_PATH = "/Library/Application Support/FinkTelecomServices/frameworks";
				MACOSX_DEPLOYMENT_TARGET = 10.14;
				ONLY_ACTIVE_ARCH = NO;
				SDKROOT = macosx;
				STRIP_INSTALLED_PRODUCT = NO;
				WARNING_CFLAGS = "-Wimplicit-fallthrough";
			};
			name = Release;
		};
		A604D12219B999AA0090FC94 /* Debug */ = {
			isa = XCBuildConfiguration;
			buildSettings = {
				CODE_SIGN_IDENTITY = "Apple Development";
				CURRENT_PROJECT_VERSION = 1;
				DEVELOPMENT_TEAM = 2GSNWPNR77;
				DYLIB_COMPATIBILITY_VERSION = 1;
				DYLIB_CURRENT_VERSION = 1;
				FRAMEWORK_SEARCH_PATHS = (
					"$(inherited)",
					"$(LOCAL_LIBRARY_DIR)/Frameworks",
					"$(LOCAL_LIBRARY_DIR)/Application\\ Support/FinkTelecomServices/frameworks",
					"$(LOCAL_LIBRARY_DIR)/Application\\ Support/FinkTelecomServices/frameworks",
				);
				FRAMEWORK_VERSION = A;
				GCC_PRECOMPILE_PREFIX_HEADER = YES;
				GCC_PREFIX_HEADER = "SupportingFiles/ulibmtp3-Prefix.pch";
				INFOPLIST_FILE = "$(SRCROOT)/SupportingFiles/ulibmtp3-Info.plist";
				MACOSX_DEPLOYMENT_TARGET = 10.14;
				MARKETING_VERSION = 1.14.1;
				PRODUCT_BUNDLE_IDENTIFIER = me.fink.ulibmtp3;
				PRODUCT_NAME = "$(TARGET_NAME)";
				WRAPPER_EXTENSION = framework;
			};
			name = Debug;
		};
		A604D12319B999AA0090FC94 /* Release */ = {
			isa = XCBuildConfiguration;
			buildSettings = {
				CODE_SIGN_IDENTITY = "Apple Development";
				CURRENT_PROJECT_VERSION = 1;
				DEVELOPMENT_TEAM = 2GSNWPNR77;
				DYLIB_COMPATIBILITY_VERSION = 1;
				DYLIB_CURRENT_VERSION = 1;
				FRAMEWORK_SEARCH_PATHS = (
					"$(inherited)",
					"$(LOCAL_LIBRARY_DIR)/Frameworks",
					"$(LOCAL_LIBRARY_DIR)/Application\\ Support/FinkTelecomServices/frameworks",
					"$(LOCAL_LIBRARY_DIR)/Application\\ Support/FinkTelecomServices/frameworks",
				);
				FRAMEWORK_VERSION = A;
				GCC_PRECOMPILE_PREFIX_HEADER = YES;
				GCC_PREFIX_HEADER = "SupportingFiles/ulibmtp3-Prefix.pch";
				INFOPLIST_FILE = "$(SRCROOT)/SupportingFiles/ulibmtp3-Info.plist";
				MACOSX_DEPLOYMENT_TARGET = 10.14;
				MARKETING_VERSION = 1.14.1;
				PRODUCT_BUNDLE_IDENTIFIER = me.fink.ulibmtp3;
				PRODUCT_NAME = "$(TARGET_NAME)";
				WRAPPER_EXTENSION = framework;
			};
			name = Release;
		};
		A604D12519B999AA0090FC94 /* Debug */ = {
			isa = XCBuildConfiguration;
			buildSettings = {
				CODE_SIGN_IDENTITY = "Apple Development";
				CODE_SIGN_STYLE = Automatic;
				COMBINE_HIDPI_IMAGES = YES;
				DEVELOPMENT_TEAM = 2GSNWPNR77;
				FRAMEWORK_SEARCH_PATHS = (
					"$(DEVELOPER_FRAMEWORKS_DIR)",
					"$(inherited)",
					"$(LOCAL_LIBRARY_DIR)/Frameworks",
				);
				GCC_PRECOMPILE_PREFIX_HEADER = NO;
				GCC_PREPROCESSOR_DEFINITIONS = (
					"DEBUG=1",
					"$(inherited)",
				);
				INFOPLIST_FILE = "ulibmtp3Tests/ulibmtp3Tests-Info.plist";
				PRODUCT_BUNDLE_IDENTIFIER = "me.fink.${PRODUCT_NAME:rfc1034identifier}";
				PRODUCT_NAME = "$(TARGET_NAME)";
				PROVISIONING_PROFILE_SPECIFIER = "";
				WRAPPER_EXTENSION = xctest;
			};
			name = Debug;
		};
		A604D12619B999AA0090FC94 /* Release */ = {
			isa = XCBuildConfiguration;
			buildSettings = {
				CODE_SIGN_IDENTITY = "Apple Development";
				CODE_SIGN_STYLE = Automatic;
				COMBINE_HIDPI_IMAGES = YES;
				DEVELOPMENT_TEAM = 2GSNWPNR77;
				FRAMEWORK_SEARCH_PATHS = (
					"$(DEVELOPER_FRAMEWORKS_DIR)",
					"$(inherited)",
					"$(LOCAL_LIBRARY_DIR)/Frameworks",
				);
				GCC_PRECOMPILE_PREFIX_HEADER = NO;
				INFOPLIST_FILE = "ulibmtp3Tests/ulibmtp3Tests-Info.plist";
				PRODUCT_BUNDLE_IDENTIFIER = "me.fink.${PRODUCT_NAME:rfc1034identifier}";
				PRODUCT_NAME = "$(TARGET_NAME)";
				PROVISIONING_PROFILE_SPECIFIER = "";
				WRAPPER_EXTENSION = xctest;
			};
			name = Release;
		};
/* End XCBuildConfiguration section */

/* Begin XCConfigurationList section */
		A604D0F319B999AA0090FC94 /* Build configuration list for PBXProject "ulibmtp3" */ = {
			isa = XCConfigurationList;
			buildConfigurations = (
				A604D11F19B999AA0090FC94 /* Debug */,
				A604D12019B999AA0090FC94 /* Release */,
			);
			defaultConfigurationIsVisible = 0;
			defaultConfigurationName = Release;
		};
		A604D12119B999AA0090FC94 /* Build configuration list for PBXNativeTarget "ulibmtp3" */ = {
			isa = XCConfigurationList;
			buildConfigurations = (
				A604D12219B999AA0090FC94 /* Debug */,
				A604D12319B999AA0090FC94 /* Release */,
			);
			defaultConfigurationIsVisible = 0;
			defaultConfigurationName = Release;
		};
		A604D12419B999AA0090FC94 /* Build configuration list for PBXNativeTarget "ulibmtp3Tests" */ = {
			isa = XCConfigurationList;
			buildConfigurations = (
				A604D12519B999AA0090FC94 /* Debug */,
				A604D12619B999AA0090FC94 /* Release */,
			);
			defaultConfigurationIsVisible = 0;
			defaultConfigurationName = Release;
		};
/* End XCConfigurationList section */
	};
	rootObject = A604D0F019B999AA0090FC94 /* Project object */;
}
